PODS:
  - AFNetworking (2.6.3):
    - AFNetworking/NSURLConnection (= 2.6.3)
    - AFNetworking/NSURLSession (= 2.6.3)
    - AFNetworking/Reachability (= 2.6.3)
    - AFNetworking/Security (= 2.6.3)
    - AFNetworking/Serialization (= 2.6.3)
    - AFNetworking/UIKit (= 2.6.3)
  - AFNetworking/NSURLConnection (2.6.3):
    - AFNetworking/Reachability
    - AFNetworking/Security
    - AFNetworking/Serialization
  - AFNetworking/NSURLSession (2.6.3):
    - AFNetworking/Reachability
    - AFNetworking/Security
    - AFNetworking/Serialization
  - AFNetworking/Reachability (2.6.3)
  - AFNetworking/Security (2.6.3)
  - AFNetworking/Serialization (2.6.3)
  - AFNetworking/UIKit (2.6.3):
    - AFNetworking/NSURLConnection
    - AFNetworking/NSURLSession
  - Aspects (1.4.1)
  - BmobSDK (1.6.5)
  - Masonry (0.6.3)
  - MLSelectPhoto (1.2.1)
  - SingleLineInput (1.0.7)
  - SVProgressHUD (1.1.3)
  - YYCategories (0.9.2):
    - YYCategories/no-arc (= 0.9.2)
  - YYCategories/no-arc (0.9.2)

DEPENDENCIES:
  - AFNetworking
  - Aspects
  - BmobSDK
  - Masonry
  - MLSelectPhoto
  - SingleLineInput
  - SVProgressHUD
  - YYCategories

SPEC CHECKSUMS:
  AFNetworking: cb8d14a848e831097108418f5d49217339d4eb60
  Aspects: 7595ba96a6727a58ebcbfc954497fc5d2fdde546
  BmobSDK: 9928a9135a3a7823c6d8bd2bcd9baffeb8e6289a
  Masonry: ff105a956abcd19a618b2028b121cb638d7a8e2f
  MLSelectPhoto: 27a6e6c77d1efcd718413e8c4093b2769a8f1f3e
  SingleLineInput: 4def171b91a2325d315bc8896f952b83f9941666
  SVProgressHUD: 748080e4f36e603f6c02aec292664239df5279c1
  YYCategories: 649a361fea4305451ae1bf9bf750e49af1223995

COCOAPODS: 0.38.1
