// !$*UTF8*$!
{
	archiveVersion = 1;
	classes = {
	};
	objectVersion = 46;
	objects = {

/* Begin PBXBuildFile section */
		2FE857F81C9657A6007E9B04 /* main.m in Sources */ = {isa = PBXBuildFile; fileRef = 2FE857F71C9657A6007E9B04 /* main.m */; };
		2FE857FB1C9657A6007E9B04 /* AppDelegate.m in Sources */ = {isa = PBXBuildFile; fileRef = 2FE857FA1C9657A6007E9B04 /* AppDelegate.m */; };
		2FE857FE1C9657A6007E9B04 /* ViewController.m in Sources */ = {isa = PBXBuildFile; fileRef = 2FE857FD1C9657A6007E9B04 /* ViewController.m */; };
		2FE858011C9657A6007E9B04 /* Main.storyboard in Resources */ = {isa = PBXBuildFile; fileRef = 2FE857FF1C9657A6007E9B04 /* Main.storyboard */; };
		2FE858031C9657A6007E9B04 /* Assets.xcassets in Resources */ = {isa = PBXBuildFile; fileRef = 2FE858021C9657A6007E9B04 /* Assets.xcassets */; };
		2FE858061C9657A6007E9B04 /* LaunchScreen.storyboard in Resources */ = {isa = PBXBuildFile; fileRef = 2FE858041C9657A6007E9B04 /* LaunchScreen.storyboard */; };
		2FE858111C9657A6007E9B04 /* SuiXingTests.m in Sources */ = {isa = PBXBuildFile; fileRef = 2FE858101C9657A6007E9B04 /* SuiXingTests.m */; };
		2FE8581C1C9657A6007E9B04 /* SuiXingUITests.m in Sources */ = {isa = PBXBuildFile; fileRef = 2FE8581B1C9657A6007E9B04 /* SuiXingUITests.m */; };
		2FE858331C965954007E9B04 /* IndexViewController.m in Sources */ = {isa = PBXBuildFile; fileRef = 2FE858321C965954007E9B04 /* IndexViewController.m */; };
		2FE858371C965A00007E9B04 /* TabBarViewController.m in Sources */ = {isa = PBXBuildFile; fileRef = 2FE858361C965A00007E9B04 /* TabBarViewController.m */; };
		2FE858401C965D18007E9B04 /* DynamicViewController.m in Sources */ = {isa = PBXBuildFile; fileRef = 2FE8583F1C965D18007E9B04 /* DynamicViewController.m */; };
		2FE858431C965D28007E9B04 /* InformationViewController.m in Sources */ = {isa = PBXBuildFile; fileRef = 2FE858421C965D28007E9B04 /* InformationViewController.m */; };
		2FE858461C965DB1007E9B04 /* MineViewController.m in Sources */ = {isa = PBXBuildFile; fileRef = 2FE858451C965DB1007E9B04 /* MineViewController.m */; };
		3CBC081088E6A3B0FA4E02F1 /* libPods.a in Frameworks */ = {isa = PBXBuildFile; fileRef = B87EF9D32BBD87383EE5F799 /* libPods.a */; };
		D35332F31CBDEF93001E326D /* SXScrollCell.m in Sources */ = {isa = PBXBuildFile; fileRef = D35332F21CBDEF93001E326D /* SXScrollCell.m */; };
		D35332FB1CBDF0AA001E326D /* AdDataModel.m in Sources */ = {isa = PBXBuildFile; fileRef = D35332F71CBDF0AA001E326D /* AdDataModel.m */; };
		D35332FC1CBDF0AA001E326D /* AdDataPlist.plist in Resources */ = {isa = PBXBuildFile; fileRef = D35332F81CBDF0AA001E326D /* AdDataPlist.plist */; };
		D35332FD1CBDF0AA001E326D /* AdScrollView.m in Sources */ = {isa = PBXBuildFile; fileRef = D35332FA1CBDF0AA001E326D /* AdScrollView.m */; };
		D35333041CBE14C2001E326D /* SXScrollView.m in Sources */ = {isa = PBXBuildFile; fileRef = D35333031CBE14C2001E326D /* SXScrollView.m */; };
		D35333071CBE268F001E326D /* SXScrollModel.m in Sources */ = {isa = PBXBuildFile; fileRef = D35333061CBE268F001E326D /* SXScrollModel.m */; };
		D35333121CBE2B35001E326D /* 1.jpg in Resources */ = {isa = PBXBuildFile; fileRef = D35333091CBE2B35001E326D /* 1.jpg */; };
		D35333131CBE2B35001E326D /* 2.jpg in Resources */ = {isa = PBXBuildFile; fileRef = D353330A1CBE2B35001E326D /* 2.jpg */; };
		D35333141CBE2B35001E326D /* 3.jpg in Resources */ = {isa = PBXBuildFile; fileRef = D353330B1CBE2B35001E326D /* 3.jpg */; };
		D35333151CBE2B35001E326D /* 4.jpg in Resources */ = {isa = PBXBuildFile; fileRef = D353330C1CBE2B35001E326D /* 4.jpg */; };
		D35333161CBE2B35001E326D /* 5.jpg in Resources */ = {isa = PBXBuildFile; fileRef = D353330D1CBE2B35001E326D /* 5.jpg */; };
		D35333171CBE2B35001E326D /* 6.jpg in Resources */ = {isa = PBXBuildFile; fileRef = D353330E1CBE2B35001E326D /* 6.jpg */; };
		D35333181CBE2B35001E326D /* 7.jpg in Resources */ = {isa = PBXBuildFile; fileRef = D353330F1CBE2B35001E326D /* 7.jpg */; };
		D35333191CBE2B35001E326D /* 8.jpg in Resources */ = {isa = PBXBuildFile; fileRef = D35333101CBE2B35001E326D /* 8.jpg */; };
		D353331A1CBE2B35001E326D /* 9.jpg in Resources */ = {isa = PBXBuildFile; fileRef = D35333111CBE2B35001E326D /* 9.jpg */; };
		D353331D1CBE3897001E326D /* NSTimer+Addition.m in Sources */ = {isa = PBXBuildFile; fileRef = D353331C1CBE3897001E326D /* NSTimer+Addition.m */; };
		D35333201CBE4514001E326D /* SXPageControl.m in Sources */ = {isa = PBXBuildFile; fileRef = D353331F1CBE4514001E326D /* SXPageControl.m */; };
		D35333231CBE5A7A001E326D /* NewRoadCell.m in Sources */ = {isa = PBXBuildFile; fileRef = D35333221CBE5A7A001E326D /* NewRoadCell.m */; };
		D35333261CBE5A8B001E326D /* TopicRoadCell.m in Sources */ = {isa = PBXBuildFile; fileRef = D35333251CBE5A8B001E326D /* TopicRoadCell.m */; };
		D3FF9DC61CB4E281005C6A45 /* tab_baoxiang_selected@2x.png in Resources */ = {isa = PBXBuildFile; fileRef = D3FF9DB61CB4E281005C6A45 /* tab_baoxiang_selected@2x.png */; };
		D3FF9DC71CB4E281005C6A45 /* tab_baoxiang_selected@3x.png in Resources */ = {isa = PBXBuildFile; fileRef = D3FF9DB71CB4E281005C6A45 /* tab_baoxiang_selected@3x.png */; };
		D3FF9DC81CB4E281005C6A45 /* tab_baoxiang_unselected@2x.png in Resources */ = {isa = PBXBuildFile; fileRef = D3FF9DB81CB4E281005C6A45 /* tab_baoxiang_unselected@2x.png */; };
		D3FF9DC91CB4E281005C6A45 /* tab_baoxiang_unselected@3x.png in Resources */ = {isa = PBXBuildFile; fileRef = D3FF9DB91CB4E281005C6A45 /* tab_baoxiang_unselected@3x.png */; };
		D3FF9DCA1CB4E281005C6A45 /* tab_home_selected@2x.png in Resources */ = {isa = PBXBuildFile; fileRef = D3FF9DBA1CB4E281005C6A45 /* tab_home_selected@2x.png */; };
		D3FF9DCB1CB4E281005C6A45 /* tab_home_selected@3x.png in Resources */ = {isa = PBXBuildFile; fileRef = D3FF9DBB1CB4E281005C6A45 /* tab_home_selected@3x.png */; };
		D3FF9DCC1CB4E281005C6A45 /* tab_home_unselected@2x.png in Resources */ = {isa = PBXBuildFile; fileRef = D3FF9DBC1CB4E281005C6A45 /* tab_home_unselected@2x.png */; };
		D3FF9DCD1CB4E281005C6A45 /* tab_home_unselected@3x.png in Resources */ = {isa = PBXBuildFile; fileRef = D3FF9DBD1CB4E281005C6A45 /* tab_home_unselected@3x.png */; };
		D3FF9DCE1CB4E281005C6A45 /* tab_money_selectd@3x.png in Resources */ = {isa = PBXBuildFile; fileRef = D3FF9DBE1CB4E281005C6A45 /* tab_money_selectd@3x.png */; };
		D3FF9DCF1CB4E281005C6A45 /* tab_money_selected@2x.png in Resources */ = {isa = PBXBuildFile; fileRef = D3FF9DBF1CB4E281005C6A45 /* tab_money_selected@2x.png */; };
		D3FF9DD01CB4E281005C6A45 /* tab_money_unselected@2x.png in Resources */ = {isa = PBXBuildFile; fileRef = D3FF9DC01CB4E281005C6A45 /* tab_money_unselected@2x.png */; };
		D3FF9DD11CB4E281005C6A45 /* tab_money_unselected@3x.png in Resources */ = {isa = PBXBuildFile; fileRef = D3FF9DC11CB4E281005C6A45 /* tab_money_unselected@3x.png */; };
		D3FF9DD21CB4E281005C6A45 /* tab_person_selected@2x.png in Resources */ = {isa = PBXBuildFile; fileRef = D3FF9DC21CB4E281005C6A45 /* tab_person_selected@2x.png */; };
		D3FF9DD31CB4E281005C6A45 /* tab_person_selected@3x.png in Resources */ = {isa = PBXBuildFile; fileRef = D3FF9DC31CB4E281005C6A45 /* tab_person_selected@3x.png */; };
		D3FF9DD41CB4E281005C6A45 /* tab_person_unselected@2x.png in Resources */ = {isa = PBXBuildFile; fileRef = D3FF9DC41CB4E281005C6A45 /* tab_person_unselected@2x.png */; };
		D3FF9DD51CB4E281005C6A45 /* tab_person_unselected@3x.png in Resources */ = {isa = PBXBuildFile; fileRef = D3FF9DC51CB4E281005C6A45 /* tab_person_unselected@3x.png */; };
		D3FF9DDE1CB4E5A5005C6A45 /* SXViewControllerInteceptor.m in Sources */ = {isa = PBXBuildFile; fileRef = D3FF9DDD1CB4E5A5005C6A45 /* SXViewControllerInteceptor.m */; };
/* End PBXBuildFile section */

/* Begin PBXContainerItemProxy section */
		2FE8580D1C9657A6007E9B04 /* PBXContainerItemProxy */ = {
			isa = PBXContainerItemProxy;
			containerPortal = 2FE857EB1C9657A6007E9B04 /* Project object */;
			proxyType = 1;
			remoteGlobalIDString = 2FE857F21C9657A6007E9B04;
			remoteInfo = SuiXing;
		};
		2FE858181C9657A6007E9B04 /* PBXContainerItemProxy */ = {
			isa = PBXContainerItemProxy;
			containerPortal = 2FE857EB1C9657A6007E9B04 /* Project object */;
			proxyType = 1;
			remoteGlobalIDString = 2FE857F21C9657A6007E9B04;
			remoteInfo = SuiXing;
		};
/* End PBXContainerItemProxy section */

/* Begin PBXFileReference section */
		2FE857F31C9657A6007E9B04 /* SuiXing.app */ = {isa = PBXFileReference; explicitFileType = wrapper.application; includeInIndex = 0; path = SuiXing.app; sourceTree = BUILT_PRODUCTS_DIR; };
		2FE857F71C9657A6007E9B04 /* main.m */ = {isa = PBXFileReference; lastKnownFileType = sourcecode.c.objc; path = main.m; sourceTree = "<group>"; };
		2FE857F91C9657A6007E9B04 /* AppDelegate.h */ = {isa = PBXFileReference; lastKnownFileType = sourcecode.c.h; path = AppDelegate.h; sourceTree = "<group>"; };
		2FE857FA1C9657A6007E9B04 /* AppDelegate.m */ = {isa = PBXFileReference; lastKnownFileType = sourcecode.c.objc; path = AppDelegate.m; sourceTree = "<group>"; };
		2FE857FC1C9657A6007E9B04 /* ViewController.h */ = {isa = PBXFileReference; lastKnownFileType = sourcecode.c.h; path = ViewController.h; sourceTree = "<group>"; };
		2FE857FD1C9657A6007E9B04 /* ViewController.m */ = {isa = PBXFileReference; lastKnownFileType = sourcecode.c.objc; path = ViewController.m; sourceTree = "<group>"; };
		2FE858001C9657A6007E9B04 /* Base */ = {isa = PBXFileReference; lastKnownFileType = file.storyboard; name = Base; path = Base.lproj/Main.storyboard; sourceTree = "<group>"; };
		2FE858021C9657A6007E9B04 /* Assets.xcassets */ = {isa = PBXFileReference; lastKnownFileType = folder.assetcatalog; path = Assets.xcassets; sourceTree = "<group>"; };
		2FE858051C9657A6007E9B04 /* Base */ = {isa = PBXFileReference; lastKnownFileType = file.storyboard; name = Base; path = Base.lproj/LaunchScreen.storyboard; sourceTree = "<group>"; };
		2FE858071C9657A6007E9B04 /* Info.plist */ = {isa = PBXFileReference; lastKnownFileType = text.plist.xml; path = Info.plist; sourceTree = "<group>"; };
		2FE8580C1C9657A6007E9B04 /* SuiXingTests.xctest */ = {isa = PBXFileReference; explicitFileType = wrapper.cfbundle; includeInIndex = 0; path = SuiXingTests.xctest; sourceTree = BUILT_PRODUCTS_DIR; };
		2FE858101C9657A6007E9B04 /* SuiXingTests.m */ = {isa = PBXFileReference; lastKnownFileType = sourcecode.c.objc; path = SuiXingTests.m; sourceTree = "<group>"; };
		2FE858121C9657A6007E9B04 /* Info.plist */ = {isa = PBXFileReference; lastKnownFileType = text.plist.xml; path = Info.plist; sourceTree = "<group>"; };
		2FE858171C9657A6007E9B04 /* SuiXingUITests.xctest */ = {isa = PBXFileReference; explicitFileType = wrapper.cfbundle; includeInIndex = 0; path = SuiXingUITests.xctest; sourceTree = BUILT_PRODUCTS_DIR; };
		2FE8581B1C9657A6007E9B04 /* SuiXingUITests.m */ = {isa = PBXFileReference; lastKnownFileType = sourcecode.c.objc; path = SuiXingUITests.m; sourceTree = "<group>"; };
		2FE8581D1C9657A6007E9B04 /* Info.plist */ = {isa = PBXFileReference; lastKnownFileType = text.plist.xml; path = Info.plist; sourceTree = "<group>"; };
		2FE858311C965954007E9B04 /* IndexViewController.h */ = {isa = PBXFileReference; fileEncoding = 4; lastKnownFileType = sourcecode.c.h; path = IndexViewController.h; sourceTree = "<group>"; };
		2FE858321C965954007E9B04 /* IndexViewController.m */ = {isa = PBXFileReference; fileEncoding = 4; lastKnownFileType = sourcecode.c.objc; path = IndexViewController.m; sourceTree = "<group>"; };
		2FE858351C965A00007E9B04 /* TabBarViewController.h */ = {isa = PBXFileReference; fileEncoding = 4; lastKnownFileType = sourcecode.c.h; path = TabBarViewController.h; sourceTree = "<group>"; };
		2FE858361C965A00007E9B04 /* TabBarViewController.m */ = {isa = PBXFileReference; fileEncoding = 4; lastKnownFileType = sourcecode.c.objc; path = TabBarViewController.m; sourceTree = "<group>"; };
		2FE8583E1C965D18007E9B04 /* DynamicViewController.h */ = {isa = PBXFileReference; fileEncoding = 4; lastKnownFileType = sourcecode.c.h; path = DynamicViewController.h; sourceTree = "<group>"; };
		2FE8583F1C965D18007E9B04 /* DynamicViewController.m */ = {isa = PBXFileReference; fileEncoding = 4; lastKnownFileType = sourcecode.c.objc; path = DynamicViewController.m; sourceTree = "<group>"; };
		2FE858411C965D28007E9B04 /* InformationViewController.h */ = {isa = PBXFileReference; fileEncoding = 4; lastKnownFileType = sourcecode.c.h; path = InformationViewController.h; sourceTree = "<group>"; };
		2FE858421C965D28007E9B04 /* InformationViewController.m */ = {isa = PBXFileReference; fileEncoding = 4; lastKnownFileType = sourcecode.c.objc; path = InformationViewController.m; sourceTree = "<group>"; };
		2FE858441C965DB1007E9B04 /* MineViewController.h */ = {isa = PBXFileReference; fileEncoding = 4; lastKnownFileType = sourcecode.c.h; path = MineViewController.h; sourceTree = "<group>"; };
		2FE858451C965DB1007E9B04 /* MineViewController.m */ = {isa = PBXFileReference; fileEncoding = 4; lastKnownFileType = sourcecode.c.objc; path = MineViewController.m; sourceTree = "<group>"; };
		454569A56B85BBC909430E76 /* Pods.debug.xcconfig */ = {isa = PBXFileReference; includeInIndex = 1; lastKnownFileType = text.xcconfig; name = Pods.debug.xcconfig; path = "Pods/Target Support Files/Pods/Pods.debug.xcconfig"; sourceTree = "<group>"; };
		628B4458F8B8C21880C87F1E /* Pods.release.xcconfig */ = {isa = PBXFileReference; includeInIndex = 1; lastKnownFileType = text.xcconfig; name = Pods.release.xcconfig; path = "Pods/Target Support Files/Pods/Pods.release.xcconfig"; sourceTree = "<group>"; };
		B87EF9D32BBD87383EE5F799 /* libPods.a */ = {isa = PBXFileReference; explicitFileType = archive.ar; includeInIndex = 0; path = libPods.a; sourceTree = BUILT_PRODUCTS_DIR; };
		D35332F11CBDEF93001E326D /* SXScrollCell.h */ = {isa = PBXFileReference; fileEncoding = 4; lastKnownFileType = sourcecode.c.h; path = SXScrollCell.h; sourceTree = "<group>"; };
		D35332F21CBDEF93001E326D /* SXScrollCell.m */ = {isa = PBXFileReference; fileEncoding = 4; lastKnownFileType = sourcecode.c.objc; path = SXScrollCell.m; sourceTree = "<group>"; };
		D35332F61CBDF0AA001E326D /* AdDataModel.h */ = {isa = PBXFileReference; fileEncoding = 4; lastKnownFileType = sourcecode.c.h; path = AdDataModel.h; sourceTree = "<group>"; };
		D35332F71CBDF0AA001E326D /* AdDataModel.m */ = {isa = PBXFileReference; fileEncoding = 4; lastKnownFileType = sourcecode.c.objc; path = AdDataModel.m; sourceTree = "<group>"; };
		D35332F81CBDF0AA001E326D /* AdDataPlist.plist */ = {isa = PBXFileReference; fileEncoding = 4; lastKnownFileType = text.plist.xml; path = AdDataPlist.plist; sourceTree = "<group>"; };
		D35332F91CBDF0AA001E326D /* AdScrollView.h */ = {isa = PBXFileReference; fileEncoding = 4; lastKnownFileType = sourcecode.c.h; path = AdScrollView.h; sourceTree = "<group>"; };
		D35332FA1CBDF0AA001E326D /* AdScrollView.m */ = {isa = PBXFileReference; fileEncoding = 4; lastKnownFileType = sourcecode.c.objc; path = AdScrollView.m; sourceTree = "<group>"; };
		D35333021CBE14C2001E326D /* SXScrollView.h */ = {isa = PBXFileReference; fileEncoding = 4; lastKnownFileType = sourcecode.c.h; path = SXScrollView.h; sourceTree = "<group>"; };
		D35333031CBE14C2001E326D /* SXScrollView.m */ = {isa = PBXFileReference; fileEncoding = 4; lastKnownFileType = sourcecode.c.objc; path = SXScrollView.m; sourceTree = "<group>"; };
		D35333051CBE268F001E326D /* SXScrollModel.h */ = {isa = PBXFileReference; fileEncoding = 4; lastKnownFileType = sourcecode.c.h; path = SXScrollModel.h; sourceTree = "<group>"; };
		D35333061CBE268F001E326D /* SXScrollModel.m */ = {isa = PBXFileReference; fileEncoding = 4; lastKnownFileType = sourcecode.c.objc; path = SXScrollModel.m; sourceTree = "<group>"; };
		D35333091CBE2B35001E326D /* 1.jpg */ = {isa = PBXFileReference; lastKnownFileType = image.jpeg; path = 1.jpg; sourceTree = "<group>"; };
		D353330A1CBE2B35001E326D /* 2.jpg */ = {isa = PBXFileReference; lastKnownFileType = image.jpeg; path = 2.jpg; sourceTree = "<group>"; };
		D353330B1CBE2B35001E326D /* 3.jpg */ = {isa = PBXFileReference; lastKnownFileType = image.jpeg; path = 3.jpg; sourceTree = "<group>"; };
		D353330C1CBE2B35001E326D /* 4.jpg */ = {isa = PBXFileReference; lastKnownFileType = image.jpeg; path = 4.jpg; sourceTree = "<group>"; };
		D353330D1CBE2B35001E326D /* 5.jpg */ = {isa = PBXFileReference; lastKnownFileType = image.jpeg; path = 5.jpg; sourceTree = "<group>"; };
		D353330E1CBE2B35001E326D /* 6.jpg */ = {isa = PBXFileReference; lastKnownFileType = image.jpeg; path = 6.jpg; sourceTree = "<group>"; };
		D353330F1CBE2B35001E326D /* 7.jpg */ = {isa = PBXFileReference; lastKnownFileType = image.jpeg; path = 7.jpg; sourceTree = "<group>"; };
		D35333101CBE2B35001E326D /* 8.jpg */ = {isa = PBXFileReference; lastKnownFileType = image.jpeg; path = 8.jpg; sourceTree = "<group>"; };
		D35333111CBE2B35001E326D /* 9.jpg */ = {isa = PBXFileReference; lastKnownFileType = image.jpeg; path = 9.jpg; sourceTree = "<group>"; };
		D353331B1CBE3897001E326D /* NSTimer+Addition.h */ = {isa = PBXFileReference; fileEncoding = 4; lastKnownFileType = sourcecode.c.h; path = "NSTimer+Addition.h"; sourceTree = "<group>"; };
		D353331C1CBE3897001E326D /* NSTimer+Addition.m */ = {isa = PBXFileReference; fileEncoding = 4; lastKnownFileType = sourcecode.c.objc; path = "NSTimer+Addition.m"; sourceTree = "<group>"; };
		D353331E1CBE4514001E326D /* SXPageControl.h */ = {isa = PBXFileReference; fileEncoding = 4; lastKnownFileType = sourcecode.c.h; path = SXPageControl.h; sourceTree = "<group>"; };
		D353331F1CBE4514001E326D /* SXPageControl.m */ = {isa = PBXFileReference; fileEncoding = 4; lastKnownFileType = sourcecode.c.objc; path = SXPageControl.m; sourceTree = "<group>"; };
		D35333211CBE5A7A001E326D /* NewRoadCell.h */ = {isa = PBXFileReference; fileEncoding = 4; lastKnownFileType = sourcecode.c.h; path = NewRoadCell.h; sourceTree = "<group>"; };
		D35333221CBE5A7A001E326D /* NewRoadCell.m */ = {isa = PBXFileReference; fileEncoding = 4; lastKnownFileType = sourcecode.c.objc; path = NewRoadCell.m; sourceTree = "<group>"; };
		D35333241CBE5A8B001E326D /* TopicRoadCell.h */ = {isa = PBXFileReference; fileEncoding = 4; lastKnownFileType = sourcecode.c.h; path = TopicRoadCell.h; sourceTree = "<group>"; };
		D35333251CBE5A8B001E326D /* TopicRoadCell.m */ = {isa = PBXFileReference; fileEncoding = 4; lastKnownFileType = sourcecode.c.objc; path = TopicRoadCell.m; sourceTree = "<group>"; };
		D3FF9DB31CB4E07C005C6A45 /* SuiXing.pch */ = {isa = PBXFileReference; lastKnownFileType = sourcecode.c.h; path = SuiXing.pch; sourceTree = "<group>"; };
		D3FF9DB61CB4E281005C6A45 /* tab_baoxiang_selected@2x.png */ = {isa = PBXFileReference; lastKnownFileType = image.png; path = "tab_baoxiang_selected@2x.png"; sourceTree = "<group>"; };
		D3FF9DB71CB4E281005C6A45 /* tab_baoxiang_selected@3x.png */ = {isa = PBXFileReference; lastKnownFileType = image.png; path = "tab_baoxiang_selected@3x.png"; sourceTree = "<group>"; };
		D3FF9DB81CB4E281005C6A45 /* tab_baoxiang_unselected@2x.png */ = {isa = PBXFileReference; lastKnownFileType = image.png; path = "tab_baoxiang_unselected@2x.png"; sourceTree = "<group>"; };
		D3FF9DB91CB4E281005C6A45 /* tab_baoxiang_unselected@3x.png */ = {isa = PBXFileReference; lastKnownFileType = image.png; path = "tab_baoxiang_unselected@3x.png"; sourceTree = "<group>"; };
		D3FF9DBA1CB4E281005C6A45 /* tab_home_selected@2x.png */ = {isa = PBXFileReference; lastKnownFileType = image.png; path = "tab_home_selected@2x.png"; sourceTree = "<group>"; };
		D3FF9DBB1CB4E281005C6A45 /* tab_home_selected@3x.png */ = {isa = PBXFileReference; lastKnownFileType = image.png; path = "tab_home_selected@3x.png"; sourceTree = "<group>"; };
		D3FF9DBC1CB4E281005C6A45 /* tab_home_unselected@2x.png */ = {isa = PBXFileReference; lastKnownFileType = image.png; path = "tab_home_unselected@2x.png"; sourceTree = "<group>"; };
		D3FF9DBD1CB4E281005C6A45 /* tab_home_unselected@3x.png */ = {isa = PBXFileReference; lastKnownFileType = image.png; path = "tab_home_unselected@3x.png"; sourceTree = "<group>"; };
		D3FF9DBE1CB4E281005C6A45 /* tab_money_selectd@3x.png */ = {isa = PBXFileReference; lastKnownFileType = image.png; path = "tab_money_selectd@3x.png"; sourceTree = "<group>"; };
		D3FF9DBF1CB4E281005C6A45 /* tab_money_selected@2x.png */ = {isa = PBXFileReference; lastKnownFileType = image.png; path = "tab_money_selected@2x.png"; sourceTree = "<group>"; };
		D3FF9DC01CB4E281005C6A45 /* tab_money_unselected@2x.png */ = {isa = PBXFileReference; lastKnownFileType = image.png; path = "tab_money_unselected@2x.png"; sourceTree = "<group>"; };
		D3FF9DC11CB4E281005C6A45 /* tab_money_unselected@3x.png */ = {isa = PBXFileReference; lastKnownFileType = image.png; path = "tab_money_unselected@3x.png"; sourceTree = "<group>"; };
		D3FF9DC21CB4E281005C6A45 /* tab_person_selected@2x.png */ = {isa = PBXFileReference; lastKnownFileType = image.png; path = "tab_person_selected@2x.png"; sourceTree = "<group>"; };
		D3FF9DC31CB4E281005C6A45 /* tab_person_selected@3x.png */ = {isa = PBXFileReference; lastKnownFileType = image.png; path = "tab_person_selected@3x.png"; sourceTree = "<group>"; };
		D3FF9DC41CB4E281005C6A45 /* tab_person_unselected@2x.png */ = {isa = PBXFileReference; lastKnownFileType = image.png; path = "tab_person_unselected@2x.png"; sourceTree = "<group>"; };
		D3FF9DC51CB4E281005C6A45 /* tab_person_unselected@3x.png */ = {isa = PBXFileReference; lastKnownFileType = image.png; path = "tab_person_unselected@3x.png"; sourceTree = "<group>"; };
		D3FF9DDC1CB4E5A5005C6A45 /* SXViewControllerInteceptor.h */ = {isa = PBXFileReference; fileEncoding = 4; lastKnownFileType = sourcecode.c.h; path = SXViewControllerInteceptor.h; sourceTree = "<group>"; };
		D3FF9DDD1CB4E5A5005C6A45 /* SXViewControllerInteceptor.m */ = {isa = PBXFileReference; fileEncoding = 4; lastKnownFileType = sourcecode.c.objc; path = SXViewControllerInteceptor.m; sourceTree = "<group>"; };
/* End PBXFileReference section */

/* Begin PBXFrameworksBuildPhase section */
		2FE857F01C9657A6007E9B04 /* Frameworks */ = {
			isa = PBXFrameworksBuildPhase;
			buildActionMask = 2147483647;
			files = (
				3CBC081088E6A3B0FA4E02F1 /* libPods.a in Frameworks */,
			);
			runOnlyForDeploymentPostprocessing = 0;
		};
		2FE858091C9657A6007E9B04 /* Frameworks */ = {
			isa = PBXFrameworksBuildPhase;
			buildActionMask = 2147483647;
			files = (
			);
			runOnlyForDeploymentPostprocessing = 0;
		};
		2FE858141C9657A6007E9B04 /* Frameworks */ = {
			isa = PBXFrameworksBuildPhase;
			buildActionMask = 2147483647;
			files = (
			);
			runOnlyForDeploymentPostprocessing = 0;
		};
/* End PBXFrameworksBuildPhase section */

/* Begin PBXGroup section */
		2FE857EA1C9657A6007E9B04 = {
			isa = PBXGroup;
			children = (
				2FE857F51C9657A6007E9B04 /* SuiXing */,
				2FE8580F1C9657A6007E9B04 /* SuiXingTests */,
				2FE8581A1C9657A6007E9B04 /* SuiXingUITests */,
				2FE857F41C9657A6007E9B04 /* Products */,
				8B457A2F4E1FBEA1B2F5FEF6 /* Pods */,
				CB2DD8CA3839BD529D9995E4 /* Frameworks */,
			);
			sourceTree = "<group>";
		};
		2FE857F41C9657A6007E9B04 /* Products */ = {
			isa = PBXGroup;
			children = (
				2FE857F31C9657A6007E9B04 /* SuiXing.app */,
				2FE8580C1C9657A6007E9B04 /* SuiXingTests.xctest */,
				2FE858171C9657A6007E9B04 /* SuiXingUITests.xctest */,
			);
			name = Products;
			sourceTree = "<group>";
		};
		2FE857F51C9657A6007E9B04 /* SuiXing */ = {
			isa = PBXGroup;
			children = (
				D35332F41CBDF09C001E326D /* Libs */,
				D3FF9DD71CB4E463005C6A45 /* Util */,
				D3FF9DD61CB4E454005C6A45 /* Helper */,
				2FE8582C1C965864007E9B04 /* 个人中心 */,
				2FE8582B1C965860007E9B04 /* 动态 */,
				2FE8582A1C96583F007E9B04 /* 资讯 */,
				2FE858291C9657AE007E9B04 /* 首页 */,
				2FE858341C96595D007E9B04 /* Root */,
				2FE858301C96588F007E9B04 /* AppDelegate */,
				2FE858021C9657A6007E9B04 /* Assets.xcassets */,
				2FE858041C9657A6007E9B04 /* LaunchScreen.storyboard */,
				2FE858071C9657A6007E9B04 /* Info.plist */,
				2FE857F61C9657A6007E9B04 /* Supporting Files */,
			);
			path = SuiXing;
			sourceTree = "<group>";
		};
		2FE857F61C9657A6007E9B04 /* Supporting Files */ = {
			isa = PBXGroup;
			children = (
				D3FF9DB41CB4E278005C6A45 /* Images */,
				2FE857F71C9657A6007E9B04 /* main.m */,
			);
			name = "Supporting Files";
			sourceTree = "<group>";
		};
		2FE8580F1C9657A6007E9B04 /* SuiXingTests */ = {
			isa = PBXGroup;
			children = (
				2FE858101C9657A6007E9B04 /* SuiXingTests.m */,
				2FE858121C9657A6007E9B04 /* Info.plist */,
			);
			path = SuiXingTests;
			sourceTree = "<group>";
		};
		2FE8581A1C9657A6007E9B04 /* SuiXingUITests */ = {
			isa = PBXGroup;
			children = (
				2FE8581B1C9657A6007E9B04 /* SuiXingUITests.m */,
				2FE8581D1C9657A6007E9B04 /* Info.plist */,
			);
			path = SuiXingUITests;
			sourceTree = "<group>";
		};
		2FE858291C9657AE007E9B04 /* 首页 */ = {
			isa = PBXGroup;
			children = (
				2FE8582E1C965875007E9B04 /* Models */,
				2FE8582F1C96587C007E9B04 /* Views */,
				2FE8582D1C96586E007E9B04 /* ViewController */,
			);
			name = "首页";
			sourceTree = "<group>";
		};
		2FE8582A1C96583F007E9B04 /* 资讯 */ = {
			isa = PBXGroup;
			children = (
				2FE858411C965D28007E9B04 /* InformationViewController.h */,
				2FE858421C965D28007E9B04 /* InformationViewController.m */,
			);
			name = "资讯";
			sourceTree = "<group>";
		};
		2FE8582B1C965860007E9B04 /* 动态 */ = {
			isa = PBXGroup;
			children = (
				2FE8583E1C965D18007E9B04 /* DynamicViewController.h */,
				2FE8583F1C965D18007E9B04 /* DynamicViewController.m */,
			);
			name = "动态";
			sourceTree = "<group>";
		};
		2FE8582C1C965864007E9B04 /* 个人中心 */ = {
			isa = PBXGroup;
			children = (
				2FE858441C965DB1007E9B04 /* MineViewController.h */,
				2FE858451C965DB1007E9B04 /* MineViewController.m */,
			);
			name = "个人中心";
			sourceTree = "<group>";
		};
		2FE8582D1C96586E007E9B04 /* ViewController */ = {
			isa = PBXGroup;
			children = (
				2FE858311C965954007E9B04 /* IndexViewController.h */,
				2FE858321C965954007E9B04 /* IndexViewController.m */,
			);
			name = ViewController;
			sourceTree = "<group>";
		};
		2FE8582E1C965875007E9B04 /* Models */ = {
			isa = PBXGroup;
			children = (
				D35333051CBE268F001E326D /* SXScrollModel.h */,
				D35333061CBE268F001E326D /* SXScrollModel.m */,
			);
			name = Models;
			sourceTree = "<group>";
		};
		2FE8582F1C96587C007E9B04 /* Views */ = {
			isa = PBXGroup;
			children = (
				D35332F11CBDEF93001E326D /* SXScrollCell.h */,
				D35332F21CBDEF93001E326D /* SXScrollCell.m */,
				D35333211CBE5A7A001E326D /* NewRoadCell.h */,
				D35333221CBE5A7A001E326D /* NewRoadCell.m */,
				D35333241CBE5A8B001E326D /* TopicRoadCell.h */,
				D35333251CBE5A8B001E326D /* TopicRoadCell.m */,
			);
			name = Views;
			sourceTree = "<group>";
		};
		2FE858301C96588F007E9B04 /* AppDelegate */ = {
			isa = PBXGroup;
			children = (
				2FE857F91C9657A6007E9B04 /* AppDelegate.h */,
				2FE857FA1C9657A6007E9B04 /* AppDelegate.m */,
				2FE857FC1C9657A6007E9B04 /* ViewController.h */,
				2FE857FD1C9657A6007E9B04 /* ViewController.m */,
				D3FF9DB31CB4E07C005C6A45 /* SuiXing.pch */,
				2FE857FF1C9657A6007E9B04 /* Main.storyboard */,
			);
			name = AppDelegate;
			sourceTree = "<group>";
		};
		2FE858341C96595D007E9B04 /* Root */ = {
			isa = PBXGroup;
			children = (
				2FE858351C965A00007E9B04 /* TabBarViewController.h */,
				2FE858361C965A00007E9B04 /* TabBarViewController.m */,
				D3FF9DDC1CB4E5A5005C6A45 /* SXViewControllerInteceptor.h */,
				D3FF9DDD1CB4E5A5005C6A45 /* SXViewControllerInteceptor.m */,
			);
			name = Root;
			sourceTree = "<group>";
		};
		8B457A2F4E1FBEA1B2F5FEF6 /* Pods */ = {
			isa = PBXGroup;
			children = (
				454569A56B85BBC909430E76 /* Pods.debug.xcconfig */,
				628B4458F8B8C21880C87F1E /* Pods.release.xcconfig */,
			);
			name = Pods;
			sourceTree = "<group>";
		};
		CB2DD8CA3839BD529D9995E4 /* Frameworks */ = {
			isa = PBXGroup;
			children = (
				B87EF9D32BBD87383EE5F799 /* libPods.a */,
			);
			name = Frameworks;
			sourceTree = "<group>";
		};
		D35332F41CBDF09C001E326D /* Libs */ = {
			isa = PBXGroup;
			children = (
				D35333011CBE14AD001E326D /* SXScrollView */,
				D35332F51CBDF0AA001E326D /* AdScrollerView */,
			);
			name = Libs;
			sourceTree = "<group>";
		};
		D35332F51CBDF0AA001E326D /* AdScrollerView */ = {
			isa = PBXGroup;
			children = (
				D35332F61CBDF0AA001E326D /* AdDataModel.h */,
				D35332F71CBDF0AA001E326D /* AdDataModel.m */,
				D35332F81CBDF0AA001E326D /* AdDataPlist.plist */,
				D35332F91CBDF0AA001E326D /* AdScrollView.h */,
				D35332FA1CBDF0AA001E326D /* AdScrollView.m */,
			);
			path = AdScrollerView;
			sourceTree = "<group>";
		};
		D35333011CBE14AD001E326D /* SXScrollView */ = {
			isa = PBXGroup;
			children = (
				D35333021CBE14C2001E326D /* SXScrollView.h */,
				D35333031CBE14C2001E326D /* SXScrollView.m */,
				D353331E1CBE4514001E326D /* SXPageControl.h */,
				D353331F1CBE4514001E326D /* SXPageControl.m */,
			);
			name = SXScrollView;
			sourceTree = "<group>";
		};
		D35333081CBE2B35001E326D /* ScrollViewImage */ = {
			isa = PBXGroup;
			children = (
				D35333091CBE2B35001E326D /* 1.jpg */,
				D353330A1CBE2B35001E326D /* 2.jpg */,
				D353330B1CBE2B35001E326D /* 3.jpg */,
				D353330C1CBE2B35001E326D /* 4.jpg */,
				D353330D1CBE2B35001E326D /* 5.jpg */,
				D353330E1CBE2B35001E326D /* 6.jpg */,
				D353330F1CBE2B35001E326D /* 7.jpg */,
				D35333101CBE2B35001E326D /* 8.jpg */,
				D35333111CBE2B35001E326D /* 9.jpg */,
			);
			path = ScrollViewImage;
			sourceTree = "<group>";
		};
		D3FF9DB41CB4E278005C6A45 /* Images */ = {
			isa = PBXGroup;
			children = (
				D35333081CBE2B35001E326D /* ScrollViewImage */,
				D3FF9DB51CB4E278005C6A45 /* TabIcon */,
			);
			path = Images;
			sourceTree = "<group>";
		};
		D3FF9DB51CB4E278005C6A45 /* TabIcon */ = {
			isa = PBXGroup;
			children = (
				D3FF9DB61CB4E281005C6A45 /* tab_baoxiang_selected@2x.png */,
				D3FF9DB71CB4E281005C6A45 /* tab_baoxiang_selected@3x.png */,
				D3FF9DB81CB4E281005C6A45 /* tab_baoxiang_unselected@2x.png */,
				D3FF9DB91CB4E281005C6A45 /* tab_baoxiang_unselected@3x.png */,
				D3FF9DBA1CB4E281005C6A45 /* tab_home_selected@2x.png */,
				D3FF9DBB1CB4E281005C6A45 /* tab_home_selected@3x.png */,
				D3FF9DBC1CB4E281005C6A45 /* tab_home_unselected@2x.png */,
				D3FF9DBD1CB4E281005C6A45 /* tab_home_unselected@3x.png */,
				D3FF9DBE1CB4E281005C6A45 /* tab_money_selectd@3x.png */,
				D3FF9DBF1CB4E281005C6A45 /* tab_money_selected@2x.png */,
				D3FF9DC01CB4E281005C6A45 /* tab_money_unselected@2x.png */,
				D3FF9DC11CB4E281005C6A45 /* tab_money_unselected@3x.png */,
				D3FF9DC21CB4E281005C6A45 /* tab_person_selected@2x.png */,
				D3FF9DC31CB4E281005C6A45 /* tab_person_selected@3x.png */,
				D3FF9DC41CB4E281005C6A45 /* tab_person_unselected@2x.png */,
				D3FF9DC51CB4E281005C6A45 /* tab_person_unselected@3x.png */,
			);
			path = TabIcon;
			sourceTree = "<group>";
		};
		D3FF9DD61CB4E454005C6A45 /* Helper */ = {
			isa = PBXGroup;
			children = (
				D3FF9DDB1CB4E47B005C6A45 /* SXFactory */,
				D3FF9DDA1CB4E479005C6A45 /* SXCategory */,
			);
			name = Helper;
			sourceTree = "<group>";
		};
		D3FF9DD71CB4E463005C6A45 /* Util */ = {
			isa = PBXGroup;
			children = (
				D3FF9DD91CB4E478005C6A45 /* SXRecording */,
				D3FF9DD81CB4E475005C6A45 /* SXNetworking */,
			);
			name = Util;
			sourceTree = "<group>";
		};
		D3FF9DD81CB4E475005C6A45 /* SXNetworking */ = {
			isa = PBXGroup;
			children = (
			);
			name = SXNetworking;
			sourceTree = "<group>";
		};
		D3FF9DD91CB4E478005C6A45 /* SXRecording */ = {
			isa = PBXGroup;
			children = (
			);
			name = SXRecording;
			sourceTree = "<group>";
		};
		D3FF9DDA1CB4E479005C6A45 /* SXCategory */ = {
			isa = PBXGroup;
			children = (
				D353331B1CBE3897001E326D /* NSTimer+Addition.h */,
				D353331C1CBE3897001E326D /* NSTimer+Addition.m */,
			);
			name = SXCategory;
			sourceTree = "<group>";
		};
		D3FF9DDB1CB4E47B005C6A45 /* SXFactory */ = {
			isa = PBXGroup;
			children = (
			);
			name = SXFactory;
			sourceTree = "<group>";
		};
/* End PBXGroup section */

/* Begin PBXNativeTarget section */
		2FE857F21C9657A6007E9B04 /* SuiXing */ = {
			isa = PBXNativeTarget;
			buildConfigurationList = 2FE858201C9657A6007E9B04 /* Build configuration list for PBXNativeTarget "SuiXing" */;
			buildPhases = (
				123966E6EB4E7CD82FCAFF06 /* Check Pods Manifest.lock */,
				2FE857EF1C9657A6007E9B04 /* Sources */,
				2FE857F01C9657A6007E9B04 /* Frameworks */,
				2FE857F11C9657A6007E9B04 /* Resources */,
				E7B9B8235D211BCFA1BA1CD0 /* Embed Pods Frameworks */,
				872D1AE95E1A69FA83BBA8FF /* Copy Pods Resources */,
			);
			buildRules = (
			);
			dependencies = (
			);
			name = SuiXing;
			productName = SuiXing;
			productReference = 2FE857F31C9657A6007E9B04 /* SuiXing.app */;
			productType = "com.apple.product-type.application";
		};
		2FE8580B1C9657A6007E9B04 /* SuiXingTests */ = {
			isa = PBXNativeTarget;
			buildConfigurationList = 2FE858231C9657A6007E9B04 /* Build configuration list for PBXNativeTarget "SuiXingTests" */;
			buildPhases = (
				2FE858081C9657A6007E9B04 /* Sources */,
				2FE858091C9657A6007E9B04 /* Frameworks */,
				2FE8580A1C9657A6007E9B04 /* Resources */,
			);
			buildRules = (
			);
			dependencies = (
				2FE8580E1C9657A6007E9B04 /* PBXTargetDependency */,
			);
			name = SuiXingTests;
			productName = SuiXingTests;
			productReference = 2FE8580C1C9657A6007E9B04 /* SuiXingTests.xctest */;
			productType = "com.apple.product-type.bundle.unit-test";
		};
		2FE858161C9657A6007E9B04 /* SuiXingUITests */ = {
			isa = PBXNativeTarget;
			buildConfigurationList = 2FE858261C9657A6007E9B04 /* Build configuration list for PBXNativeTarget "SuiXingUITests" */;
			buildPhases = (
				2FE858131C9657A6007E9B04 /* Sources */,
				2FE858141C9657A6007E9B04 /* Frameworks */,
				2FE858151C9657A6007E9B04 /* Resources */,
			);
			buildRules = (
			);
			dependencies = (
				2FE858191C9657A6007E9B04 /* PBXTargetDependency */,
			);
			name = SuiXingUITests;
			productName = SuiXingUITests;
			productReference = 2FE858171C9657A6007E9B04 /* SuiXingUITests.xctest */;
			productType = "com.apple.product-type.bundle.ui-testing";
		};
/* End PBXNativeTarget section */

/* Begin PBXProject section */
		2FE857EB1C9657A6007E9B04 /* Project object */ = {
			isa = PBXProject;
			attributes = {
				LastUpgradeCheck = 0720;
				ORGANIZATIONNAME = yang;
				TargetAttributes = {
					2FE857F21C9657A6007E9B04 = {
						CreatedOnToolsVersion = 7.2.1;
					};
					2FE8580B1C9657A6007E9B04 = {
						CreatedOnToolsVersion = 7.2.1;
						TestTargetID = 2FE857F21C9657A6007E9B04;
					};
					2FE858161C9657A6007E9B04 = {
						CreatedOnToolsVersion = 7.2.1;
						TestTargetID = 2FE857F21C9657A6007E9B04;
					};
				};
			};
			buildConfigurationList = 2FE857EE1C9657A6007E9B04 /* Build configuration list for PBXProject "SuiXing" */;
			compatibilityVersion = "Xcode 3.2";
			developmentRegion = English;
			hasScannedForEncodings = 0;
			knownRegions = (
				en,
				Base,
			);
			mainGroup = 2FE857EA1C9657A6007E9B04;
			productRefGroup = 2FE857F41C9657A6007E9B04 /* Products */;
			projectDirPath = "";
			projectRoot = "";
			targets = (
				2FE857F21C9657A6007E9B04 /* SuiXing */,
				2FE8580B1C9657A6007E9B04 /* SuiXingTests */,
				2FE858161C9657A6007E9B04 /* SuiXingUITests */,
			);
		};
/* End PBXProject section */

/* Begin PBXResourcesBuildPhase section */
		2FE857F11C9657A6007E9B04 /* Resources */ = {
			isa = PBXResourcesBuildPhase;
			buildActionMask = 2147483647;
			files = (
				D35333151CBE2B35001E326D /* 4.jpg in Resources */,
				D35333131CBE2B35001E326D /* 2.jpg in Resources */,
				D35333171CBE2B35001E326D /* 6.jpg in Resources */,
				D3FF9DC61CB4E281005C6A45 /* tab_baoxiang_selected@2x.png in Resources */,
				2FE858061C9657A6007E9B04 /* LaunchScreen.storyboard in Resources */,
				D3FF9DD51CB4E281005C6A45 /* tab_person_unselected@3x.png in Resources */,
				D3FF9DD31CB4E281005C6A45 /* tab_person_selected@3x.png in Resources */,
				D35333141CBE2B35001E326D /* 3.jpg in Resources */,
				D3FF9DD41CB4E281005C6A45 /* tab_person_unselected@2x.png in Resources */,
				D3FF9DC91CB4E281005C6A45 /* tab_baoxiang_unselected@3x.png in Resources */,
				D35333121CBE2B35001E326D /* 1.jpg in Resources */,
				D3FF9DCB1CB4E281005C6A45 /* tab_home_selected@3x.png in Resources */,
				2FE858031C9657A6007E9B04 /* Assets.xcassets in Resources */,
				D3FF9DCA1CB4E281005C6A45 /* tab_home_selected@2x.png in Resources */,
				D3FF9DCD1CB4E281005C6A45 /* tab_home_unselected@3x.png in Resources */,
				D35332FC1CBDF0AA001E326D /* AdDataPlist.plist in Resources */,
				D3FF9DD01CB4E281005C6A45 /* tab_money_unselected@2x.png in Resources */,
				D3FF9DCE1CB4E281005C6A45 /* tab_money_selectd@3x.png in Resources */,
				2FE858011C9657A6007E9B04 /* Main.storyboard in Resources */,
				D3FF9DCF1CB4E281005C6A45 /* tab_money_selected@2x.png in Resources */,
				D35333191CBE2B35001E326D /* 8.jpg in Resources */,
				D3FF9DD11CB4E281005C6A45 /* tab_money_unselected@3x.png in Resources */,
				D3FF9DD21CB4E281005C6A45 /* tab_person_selected@2x.png in Resources */,
				D35333161CBE2B35001E326D /* 5.jpg in Resources */,
				D3FF9DC71CB4E281005C6A45 /* tab_baoxiang_selected@3x.png in Resources */,
				D35333181CBE2B35001E326D /* 7.jpg in Resources */,
				D353331A1CBE2B35001E326D /* 9.jpg in Resources */,
				D3FF9DC81CB4E281005C6A45 /* tab_baoxiang_unselected@2x.png in Resources */,
				D3FF9DCC1CB4E281005C6A45 /* tab_home_unselected@2x.png in Resources */,
			);
			runOnlyForDeploymentPostprocessing = 0;
		};
		2FE8580A1C9657A6007E9B04 /* Resources */ = {
			isa = PBXResourcesBuildPhase;
			buildActionMask = 2147483647;
			files = (
			);
			runOnlyForDeploymentPostprocessing = 0;
		};
		2FE858151C9657A6007E9B04 /* Resources */ = {
			isa = PBXResourcesBuildPhase;
			buildActionMask = 2147483647;
			files = (
			);
			runOnlyForDeploymentPostprocessing = 0;
		};
/* End PBXResourcesBuildPhase section */

/* Begin PBXShellScriptBuildPhase section */
		123966E6EB4E7CD82FCAFF06 /* Check Pods Manifest.lock */ = {
			isa = PBXShellScriptBuildPhase;
			buildActionMask = 2147483647;
			files = (
			);
			inputPaths = (
			);
			name = "Check Pods Manifest.lock";
			outputPaths = (
			);
			runOnlyForDeploymentPostprocessing = 0;
			shellPath = /bin/sh;
			shellScript = "diff \"${PODS_ROOT}/../Podfile.lock\" \"${PODS_ROOT}/Manifest.lock\" > /dev/null\nif [[ $? != 0 ]] ; then\n    cat << EOM\nerror: The sandbox is not in sync with the Podfile.lock. Run 'pod install' or update your CocoaPods installation.\nEOM\n    exit 1\nfi\n";
			showEnvVarsInLog = 0;
		};
		872D1AE95E1A69FA83BBA8FF /* Copy Pods Resources */ = {
			isa = PBXShellScriptBuildPhase;
			buildActionMask = 2147483647;
			files = (
			);
			inputPaths = (
			);
			name = "Copy Pods Resources";
			outputPaths = (
			);
			runOnlyForDeploymentPostprocessing = 0;
			shellPath = /bin/sh;
			shellScript = "\"${SRCROOT}/Pods/Target Support Files/Pods/Pods-resources.sh\"\n";
			showEnvVarsInLog = 0;
		};
		E7B9B8235D211BCFA1BA1CD0 /* Embed Pods Frameworks */ = {
			isa = PBXShellScriptBuildPhase;
			buildActionMask = 2147483647;
			files = (
			);
			inputPaths = (
			);
			name = "Embed Pods Frameworks";
			outputPaths = (
			);
			runOnlyForDeploymentPostprocessing = 0;
			shellPath = /bin/sh;
			shellScript = "\"${SRCROOT}/Pods/Target Support Files/Pods/Pods-frameworks.sh\"\n";
			showEnvVarsInLog = 0;
		};
/* End PBXShellScriptBuildPhase section */

/* Begin PBXSourcesBuildPhase section */
		2FE857EF1C9657A6007E9B04 /* Sources */ = {
			isa = PBXSourcesBuildPhase;
			buildActionMask = 2147483647;
			files = (
				2FE858371C965A00007E9B04 /* TabBarViewController.m in Sources */,
				D35333231CBE5A7A001E326D /* NewRoadCell.m in Sources */,
				2FE857FE1C9657A6007E9B04 /* ViewController.m in Sources */,
				D35332FB1CBDF0AA001E326D /* AdDataModel.m in Sources */,
				2FE857FB1C9657A6007E9B04 /* AppDelegate.m in Sources */,
				D35333071CBE268F001E326D /* SXScrollModel.m in Sources */,
				D353331D1CBE3897001E326D /* NSTimer+Addition.m in Sources */,
				2FE857F81C9657A6007E9B04 /* main.m in Sources */,
				D35333041CBE14C2001E326D /* SXScrollView.m in Sources */,
				D35333201CBE4514001E326D /* SXPageControl.m in Sources */,
				D3FF9DDE1CB4E5A5005C6A45 /* SXViewControllerInteceptor.m in Sources */,
				D35333261CBE5A8B001E326D /* TopicRoadCell.m in Sources */,
				D35332F31CBDEF93001E326D /* SXScrollCell.m in Sources */,
				2FE858331C965954007E9B04 /* IndexViewController.m in Sources */,
				2FE858431C965D28007E9B04 /* InformationViewController.m in Sources */,
				2FE858401C965D18007E9B04 /* DynamicViewController.m in Sources */,
				D35332FD1CBDF0AA001E326D /* AdScrollView.m in Sources */,
				2FE858461C965DB1007E9B04 /* MineViewController.m in Sources */,
			);
			runOnlyForDeploymentPostprocessing = 0;
		};
		2FE858081C9657A6007E9B04 /* Sources */ = {
			isa = PBXSourcesBuildPhase;
			buildActionMask = 2147483647;
			files = (
				2FE858111C9657A6007E9B04 /* SuiXingTests.m in Sources */,
			);
			runOnlyForDeploymentPostprocessing = 0;
		};
		2FE858131C9657A6007E9B04 /* Sources */ = {
			isa = PBXSourcesBuildPhase;
			buildActionMask = 2147483647;
			files = (
				2FE8581C1C9657A6007E9B04 /* SuiXingUITests.m in Sources */,
			);
			runOnlyForDeploymentPostprocessing = 0;
		};
/* End PBXSourcesBuildPhase section */

/* Begin PBXTargetDependency section */
		2FE8580E1C9657A6007E9B04 /* PBXTargetDependency */ = {
			isa = PBXTargetDependency;
			target = 2FE857F21C9657A6007E9B04 /* SuiXing */;
			targetProxy = 2FE8580D1C9657A6007E9B04 /* PBXContainerItemProxy */;
		};
		2FE858191C9657A6007E9B04 /* PBXTargetDependency */ = {
			isa = PBXTargetDependency;
			target = 2FE857F21C9657A6007E9B04 /* SuiXing */;
			targetProxy = 2FE858181C9657A6007E9B04 /* PBXContainerItemProxy */;
		};
/* End PBXTargetDependency section */

/* Begin PBXVariantGroup section */
		2FE857FF1C9657A6007E9B04 /* Main.storyboard */ = {
			isa = PBXVariantGroup;
			children = (
				2FE858001C9657A6007E9B04 /* Base */,
			);
			name = Main.storyboard;
			sourceTree = "<group>";
		};
		2FE858041C9657A6007E9B04 /* LaunchScreen.storyboard */ = {
			isa = PBXVariantGroup;
			children = (
				2FE858051C9657A6007E9B04 /* Base */,
			);
			name = LaunchScreen.storyboard;
			sourceTree = "<group>";
		};
/* End PBXVariantGroup section */

/* Begin XCBuildConfiguration section */
		2FE8581E1C9657A6007E9B04 /* Debug */ = {
			isa = XCBuildConfiguration;
			buildSettings = {
				ALWAYS_SEARCH_USER_PATHS = NO;
				CLANG_CXX_LANGUAGE_STANDARD = "gnu++0x";
				CLANG_CXX_LIBRARY = "libc++";
				CLANG_ENABLE_MODULES = YES;
				CLANG_ENABLE_OBJC_ARC = YES;
				CLANG_WARN_BOOL_CONVERSION = YES;
				CLANG_WARN_CONSTANT_CONVERSION = YES;
				CLANG_WARN_DIRECT_OBJC_ISA_USAGE = YES_ERROR;
				CLANG_WARN_EMPTY_BODY = YES;
				CLANG_WARN_ENUM_CONVERSION = YES;
				CLANG_WARN_INT_CONVERSION = YES;
				CLANG_WARN_OBJC_ROOT_CLASS = YES_ERROR;
				CLANG_WARN_UNREACHABLE_CODE = YES;
				CLANG_WARN__DUPLICATE_METHOD_MATCH = YES;
				"CODE_SIGN_IDENTITY[sdk=iphoneos*]" = "iPhone Developer";
				COPY_PHASE_STRIP = NO;
				DEBUG_INFORMATION_FORMAT = dwarf;
				ENABLE_STRICT_OBJC_MSGSEND = YES;
				ENABLE_TESTABILITY = YES;
				GCC_C_LANGUAGE_STANDARD = gnu99;
				GCC_DYNAMIC_NO_PIC = NO;
				GCC_NO_COMMON_BLOCKS = YES;
				GCC_OPTIMIZATION_LEVEL = 0;
				GCC_PREPROCESSOR_DEFINITIONS = (
					"DEBUG=1",
					"$(inherited)",
				);
				GCC_WARN_64_TO_32_BIT_CONVERSION = YES;
				GCC_WARN_ABOUT_RETURN_TYPE = YES_ERROR;
				GCC_WARN_UNDECLARED_SELECTOR = YES;
				GCC_WARN_UNINITIALIZED_AUTOS = YES_AGGRESSIVE;
				GCC_WARN_UNUSED_FUNCTION = YES;
				GCC_WARN_UNUSED_VARIABLE = YES;
				IPHONEOS_DEPLOYMENT_TARGET = 9.2;
				MTL_ENABLE_DEBUG_INFO = YES;
				ONLY_ACTIVE_ARCH = YES;
				SDKROOT = iphoneos;
				TARGETED_DEVICE_FAMILY = "1,2";
			};
			name = Debug;
		};
		2FE8581F1C9657A6007E9B04 /* Release */ = {
			isa = XCBuildConfiguration;
			buildSettings = {
				ALWAYS_SEARCH_USER_PATHS = NO;
				CLANG_CXX_LANGUAGE_STANDARD = "gnu++0x";
				CLANG_CXX_LIBRARY = "libc++";
				CLANG_ENABLE_MODULES = YES;
				CLANG_ENABLE_OBJC_ARC = YES;
				CLANG_WARN_BOOL_CONVERSION = YES;
				CLANG_WARN_CONSTANT_CONVERSION = YES;
				CLANG_WARN_DIRECT_OBJC_ISA_USAGE = YES_ERROR;
				CLANG_WARN_EMPTY_BODY = YES;
				CLANG_WARN_ENUM_CONVERSION = YES;
				CLANG_WARN_INT_CONVERSION = YES;
				CLANG_WARN_OBJC_ROOT_CLASS = YES_ERROR;
				CLANG_WARN_UNREACHABLE_CODE = YES;
				CLANG_WARN__DUPLICATE_METHOD_MATCH = YES;
				"CODE_SIGN_IDENTITY[sdk=iphoneos*]" = "iPhone Developer";
				COPY_PHASE_STRIP = NO;
				DEBUG_INFORMATION_FORMAT = "dwarf-with-dsym";
				ENABLE_NS_ASSERTIONS = NO;
				ENABLE_STRICT_OBJC_MSGSEND = YES;
				GCC_C_LANGUAGE_STANDARD = gnu99;
				GCC_NO_COMMON_BLOCKS = YES;
				GCC_WARN_64_TO_32_BIT_CONVERSION = YES;
				GCC_WARN_ABOUT_RETURN_TYPE = YES_ERROR;
				GCC_WARN_UNDECLARED_SELECTOR = YES;
				GCC_WARN_UNINITIALIZED_AUTOS = YES_AGGRESSIVE;
				GCC_WARN_UNUSED_FUNCTION = YES;
				GCC_WARN_UNUSED_VARIABLE = YES;
				IPHONEOS_DEPLOYMENT_TARGET = 9.2;
				MTL_ENABLE_DEBUG_INFO = NO;
				SDKROOT = iphoneos;
				TARGETED_DEVICE_FAMILY = "1,2";
				VALIDATE_PRODUCT = YES;
			};
			name = Release;
		};
		2FE858211C9657A6007E9B04 /* Debug */ = {
			isa = XCBuildConfiguration;
			baseConfigurationReference = 454569A56B85BBC909430E76 /* Pods.debug.xcconfig */;
			buildSettings = {
				ASSETCATALOG_COMPILER_APPICON_NAME = AppIcon;
				GCC_PREFIX_HEADER = SuiXing/SuiXing.pch;
				INFOPLIST_FILE = SuiXing/Info.plist;
				LD_RUNPATH_SEARCH_PATHS = "$(inherited) @executable_path/Frameworks";
				PRODUCT_BUNDLE_IDENTIFIER = licaifan.SuiXing;
				PRODUCT_NAME = "$(TARGET_NAME)";
			};
			name = Debug;
		};
		2FE858221C9657A6007E9B04 /* Release */ = {
			isa = XCBuildConfiguration;
			baseConfigurationReference = 628B4458F8B8C21880C87F1E /* Pods.release.xcconfig */;
			buildSettings = {
				ASSETCATALOG_COMPILER_APPICON_NAME = AppIcon;
				GCC_PREFIX_HEADER = SuiXing/SuiXing.pch;
				INFOPLIST_FILE = SuiXing/Info.plist;
				LD_RUNPATH_SEARCH_PATHS = "$(inherited) @executable_path/Frameworks";
				PRODUCT_BUNDLE_IDENTIFIER = licaifan.SuiXing;
				PRODUCT_NAME = "$(TARGET_NAME)";
			};
			name = Release;
		};
		2FE858241C9657A6007E9B04 /* Debug */ = {
			isa = XCBuildConfiguration;
			buildSettings = {
				BUNDLE_LOADER = "$(TEST_HOST)";
				INFOPLIST_FILE = SuiXingTests/Info.plist;
				LD_RUNPATH_SEARCH_PATHS = "$(inherited) @executable_path/Frameworks @loader_path/Frameworks";
				PRODUCT_BUNDLE_IDENTIFIER = licaifan.SuiXingTests;
				PRODUCT_NAME = "$(TARGET_NAME)";
				TEST_HOST = "$(BUILT_PRODUCTS_DIR)/SuiXing.app/SuiXing";
			};
			name = Debug;
		};
		2FE858251C9657A6007E9B04 /* Release */ = {
			isa = XCBuildConfiguration;
			buildSettings = {
				BUNDLE_LOADER = "$(TEST_HOST)";
				INFOPLIST_FILE = SuiXingTests/Info.plist;
				LD_RUNPATH_SEARCH_PATHS = "$(inherited) @executable_path/Frameworks @loader_path/Frameworks";
				PRODUCT_BUNDLE_IDENTIFIER = licaifan.SuiXingTests;
				PRODUCT_NAME = "$(TARGET_NAME)";
				TEST_HOST = "$(BUILT_PRODUCTS_DIR)/SuiXing.app/SuiXing";
			};
			name = Release;
		};
		2FE858271C9657A6007E9B04 /* Debug */ = {
			isa = XCBuildConfiguration;
			buildSettings = {
				INFOPLIST_FILE = SuiXingUITests/Info.plist;
				LD_RUNPATH_SEARCH_PATHS = "$(inherited) @executable_path/Frameworks @loader_path/Frameworks";
				PRODUCT_BUNDLE_IDENTIFIER = licaifan.SuiXingUITests;
				PRODUCT_NAME = "$(TARGET_NAME)";
				TEST_TARGET_NAME = SuiXing;
				USES_XCTRUNNER = YES;
			};
			name = Debug;
		};
		2FE858281C9657A6007E9B04 /* Release */ = {
			isa = XCBuildConfiguration;
			buildSettings = {
				INFOPLIST_FILE = SuiXingUITests/Info.plist;
				LD_RUNPATH_SEARCH_PATHS = "$(inherited) @executable_path/Frameworks @loader_path/Frameworks";
				PRODUCT_BUNDLE_IDENTIFIER = licaifan.SuiXingUITests;
				PRODUCT_NAME = "$(TARGET_NAME)";
				TEST_TARGET_NAME = SuiXing;
				USES_XCTRUNNER = YES;
			};
			name = Release;
		};
/* End XCBuildConfiguration section */

/* Begin XCConfigurationList section */
		2FE857EE1C9657A6007E9B04 /* Build configuration list for PBXProject "SuiXing" */ = {
			isa = XCConfigurationList;
			buildConfigurations = (
				2FE8581E1C9657A6007E9B04 /* Debug */,
				2FE8581F1C9657A6007E9B04 /* Release */,
			);
			defaultConfigurationIsVisible = 0;
			defaultConfigurationName = Release;
		};
		2FE858201C9657A6007E9B04 /* Build configuration list for PBXNativeTarget "SuiXing" */ = {
			isa = XCConfigurationList;
			buildConfigurations = (
				2FE858211C9657A6007E9B04 /* Debug */,
				2FE858221C9657A6007E9B04 /* Release */,
			);
			defaultConfigurationIsVisible = 0;
			defaultConfigurationName = Release;
		};
		2FE858231C9657A6007E9B04 /* Build configuration list for PBXNativeTarget "SuiXingTests" */ = {
			isa = XCConfigurationList;
			buildConfigurations = (
				2FE858241C9657A6007E9B04 /* Debug */,
				2FE858251C9657A6007E9B04 /* Release */,
			);
			defaultConfigurationIsVisible = 0;
			defaultConfigurationName = Release;
		};
		2FE858261C9657A6007E9B04 /* Build configuration list for PBXNativeTarget "SuiXingUITests" */ = {
			isa = XCConfigurationList;
			buildConfigurations = (
				2FE858271C9657A6007E9B04 /* Debug */,
				2FE858281C9657A6007E9B04 /* Release */,
			);
			defaultConfigurationIsVisible = 0;
			defaultConfigurationName = Release;
		};
/* End XCConfigurationList section */
	};
	rootObject = 2FE857EB1C9657A6007E9B04 /* Project object */;
}
