// !$*UTF8*$!
{
	archiveVersion = 1;
	classes = {
	};
	objectVersion = 46;
	objects = {

/* Begin PBXBuildFile section */
		0AE682A51CD201FD00C2B3DA /* SXTabBarController.m in Sources */ = {isa = PBXBuildFile; fileRef = 0AE682A41CD201FD00C2B3DA /* SXTabBarController.m */; };
		0AE682A81CD2079B00C2B3DA /* SXPlusButtonSubclass.m in Sources */ = {isa = PBXBuildFile; fileRef = 0AE682A71CD2079B00C2B3DA /* SXPlusButtonSubclass.m */; };
		0AE682AB1CD20CCB00C2B3DA /* hood-selected@2x.png in Resources */ = {isa = PBXBuildFile; fileRef = 0AE682A91CD20CCB00C2B3DA /* hood-selected@2x.png */; };
		0AE682AC1CD20CCB00C2B3DA /* hood@2x.png in Resources */ = {isa = PBXBuildFile; fileRef = 0AE682AA1CD20CCB00C2B3DA /* hood@2x.png */; };
		0AE682AE1CD20F0B00C2B3DA /* post_normal@2x.png in Resources */ = {isa = PBXBuildFile; fileRef = 0AE682AD1CD20F0B00C2B3DA /* post_normal@2x.png */; };
		0AE682B01CD20FDE00C2B3DA /* tapbar_top_line@2x.png in Resources */ = {isa = PBXBuildFile; fileRef = 0AE682AF1CD20FDE00C2B3DA /* tapbar_top_line@2x.png */; };
		0AE682CA1CD211FF00C2B3DA /* CYLTabBarController.m in Sources */ = {isa = PBXBuildFile; fileRef = 0AE682C31CD211FF00C2B3DA /* CYLTabBarController.m */; };
		0AE682CB1CD211FF00C2B3DA /* CYLTabBar.m in Sources */ = {isa = PBXBuildFile; fileRef = 0AE682C51CD211FF00C2B3DA /* CYLTabBar.m */; };
		0AE682CC1CD211FF00C2B3DA /* CYLPlusButton.m in Sources */ = {isa = PBXBuildFile; fileRef = 0AE682C71CD211FF00C2B3DA /* CYLPlusButton.m */; };
		0AE682CD1CD211FF00C2B3DA /* UIViewController+CYLJumpToOtherTabBarControllerItem.m in Sources */ = {isa = PBXBuildFile; fileRef = 0AE682C91CD211FF00C2B3DA /* UIViewController+CYLJumpToOtherTabBarControllerItem.m */; };
		2FE857F81C9657A6007E9B04 /* main.m in Sources */ = {isa = PBXBuildFile; fileRef = 2FE857F71C9657A6007E9B04 /* main.m */; };
		2FE857FB1C9657A6007E9B04 /* AppDelegate.m in Sources */ = {isa = PBXBuildFile; fileRef = 2FE857FA1C9657A6007E9B04 /* AppDelegate.m */; };
		2FE857FE1C9657A6007E9B04 /* ViewController.m in Sources */ = {isa = PBXBuildFile; fileRef = 2FE857FD1C9657A6007E9B04 /* ViewController.m */; };
		2FE858011C9657A6007E9B04 /* Main.storyboard in Resources */ = {isa = PBXBuildFile; fileRef = 2FE857FF1C9657A6007E9B04 /* Main.storyboard */; };
		2FE858031C9657A6007E9B04 /* Assets.xcassets in Resources */ = {isa = PBXBuildFile; fileRef = 2FE858021C9657A6007E9B04 /* Assets.xcassets */; };
		2FE858061C9657A6007E9B04 /* LaunchScreen.storyboard in Resources */ = {isa = PBXBuildFile; fileRef = 2FE858041C9657A6007E9B04 /* LaunchScreen.storyboard */; };
		2FE858111C9657A6007E9B04 /* SuiXingTests.m in Sources */ = {isa = PBXBuildFile; fileRef = 2FE858101C9657A6007E9B04 /* SuiXingTests.m */; };
		2FE8581C1C9657A6007E9B04 /* SuiXingUITests.m in Sources */ = {isa = PBXBuildFile; fileRef = 2FE8581B1C9657A6007E9B04 /* SuiXingUITests.m */; };
		2FE858331C965954007E9B04 /* IndexViewController.m in Sources */ = {isa = PBXBuildFile; fileRef = 2FE858321C965954007E9B04 /* IndexViewController.m */; };
		2FE858401C965D18007E9B04 /* DynamicViewController.m in Sources */ = {isa = PBXBuildFile; fileRef = 2FE8583F1C965D18007E9B04 /* DynamicViewController.m */; };
		2FE858431C965D28007E9B04 /* InformationViewController.m in Sources */ = {isa = PBXBuildFile; fileRef = 2FE858421C965D28007E9B04 /* InformationViewController.m */; };
		2FE858461C965DB1007E9B04 /* MineViewController.m in Sources */ = {isa = PBXBuildFile; fileRef = 2FE858451C965DB1007E9B04 /* MineViewController.m */; };
		3CBC081088E6A3B0FA4E02F1 /* libPods.a in Frameworks */ = {isa = PBXBuildFile; fileRef = B87EF9D32BBD87383EE5F799 /* libPods.a */; };
		D30B4E081CC779D5008D97C1 /* RoadFooterView.m in Sources */ = {isa = PBXBuildFile; fileRef = D30B4E071CC779D5008D97C1 /* RoadFooterView.m */; };
		D30B4E0B1CC77D62008D97C1 /* RoadModel.m in Sources */ = {isa = PBXBuildFile; fileRef = D30B4E0A1CC77D62008D97C1 /* RoadModel.m */; };
		D33147971CC7669600906A60 /* PersonCell.m in Sources */ = {isa = PBXBuildFile; fileRef = D33147961CC7669600906A60 /* PersonCell.m */; };
		D331479A1CC766DA00906A60 /* RoadCell.m in Sources */ = {isa = PBXBuildFile; fileRef = D33147991CC766DA00906A60 /* RoadCell.m */; };
		D35332F31CBDEF93001E326D /* SXScrollCell.m in Sources */ = {isa = PBXBuildFile; fileRef = D35332F21CBDEF93001E326D /* SXScrollCell.m */; };
		D35332FB1CBDF0AA001E326D /* AdDataModel.m in Sources */ = {isa = PBXBuildFile; fileRef = D35332F71CBDF0AA001E326D /* AdDataModel.m */; };
		D35332FC1CBDF0AA001E326D /* AdDataPlist.plist in Resources */ = {isa = PBXBuildFile; fileRef = D35332F81CBDF0AA001E326D /* AdDataPlist.plist */; };
		D35332FD1CBDF0AA001E326D /* AdScrollView.m in Sources */ = {isa = PBXBuildFile; fileRef = D35332FA1CBDF0AA001E326D /* AdScrollView.m */; };
		D35333041CBE14C2001E326D /* SXScrollView.m in Sources */ = {isa = PBXBuildFile; fileRef = D35333031CBE14C2001E326D /* SXScrollView.m */; };
		D35333071CBE268F001E326D /* SXScrollModel.m in Sources */ = {isa = PBXBuildFile; fileRef = D35333061CBE268F001E326D /* SXScrollModel.m */; };
		D35333121CBE2B35001E326D /* 1.jpg in Resources */ = {isa = PBXBuildFile; fileRef = D35333091CBE2B35001E326D /* 1.jpg */; };
		D35333131CBE2B35001E326D /* 2.jpg in Resources */ = {isa = PBXBuildFile; fileRef = D353330A1CBE2B35001E326D /* 2.jpg */; };
		D35333141CBE2B35001E326D /* 3.jpg in Resources */ = {isa = PBXBuildFile; fileRef = D353330B1CBE2B35001E326D /* 3.jpg */; };
		D35333151CBE2B35001E326D /* 4.jpg in Resources */ = {isa = PBXBuildFile; fileRef = D353330C1CBE2B35001E326D /* 4.jpg */; };
		D35333161CBE2B35001E326D /* 5.jpg in Resources */ = {isa = PBXBuildFile; fileRef = D353330D1CBE2B35001E326D /* 5.jpg */; };
		D35333171CBE2B35001E326D /* 6.jpg in Resources */ = {isa = PBXBuildFile; fileRef = D353330E1CBE2B35001E326D /* 6.jpg */; };
		D35333181CBE2B35001E326D /* 7.jpg in Resources */ = {isa = PBXBuildFile; fileRef = D353330F1CBE2B35001E326D /* 7.jpg */; };
		D35333191CBE2B35001E326D /* 8.jpg in Resources */ = {isa = PBXBuildFile; fileRef = D35333101CBE2B35001E326D /* 8.jpg */; };
		D353331A1CBE2B35001E326D /* 9.jpg in Resources */ = {isa = PBXBuildFile; fileRef = D35333111CBE2B35001E326D /* 9.jpg */; };
		D353331D1CBE3897001E326D /* NSTimer+Addition.m in Sources */ = {isa = PBXBuildFile; fileRef = D353331C1CBE3897001E326D /* NSTimer+Addition.m */; };
		D35333201CBE4514001E326D /* SXPageControl.m in Sources */ = {isa = PBXBuildFile; fileRef = D353331F1CBE4514001E326D /* SXPageControl.m */; };
		D35333231CBE5A7A001E326D /* NewRoadCell.m in Sources */ = {isa = PBXBuildFile; fileRef = D35333221CBE5A7A001E326D /* NewRoadCell.m */; };
		D35333261CBE5A8B001E326D /* TopicRoadCell.m in Sources */ = {isa = PBXBuildFile; fileRef = D35333251CBE5A8B001E326D /* TopicRoadCell.m */; };
		D35333291CBF4137001E326D /* SXIndexHeaderView.m in Sources */ = {isa = PBXBuildFile; fileRef = D35333281CBF4137001E326D /* SXIndexHeaderView.m */; };
		D353332C1CBF46C4001E326D /* NewRoadModel.m in Sources */ = {isa = PBXBuildFile; fileRef = D353332B1CBF46C4001E326D /* NewRoadModel.m */; };
		D38509F51CCDED9F0046326B /* MF_NetAPIClient.m in Sources */ = {isa = PBXBuildFile; fileRef = D38509F21CCDED9F0046326B /* MF_NetAPIClient.m */; };
		D38509F61CCDED9F0046326B /* MF_NetAPIManager.m in Sources */ = {isa = PBXBuildFile; fileRef = D38509F41CCDED9F0046326B /* MF_NetAPIManager.m */; };
		D38509FB1CCDEE100046326B /* NSObject+common.m in Sources */ = {isa = PBXBuildFile; fileRef = D38509FA1CCDEE100046326B /* NSObject+common.m */; };
		D3850A051CCDFAB60046326B /* CoreLocation.framework in Frameworks */ = {isa = PBXBuildFile; fileRef = D3850A041CCDFAB60046326B /* CoreLocation.framework */; };
		D3850A071CCDFAC10046326B /* Security.framework in Frameworks */ = {isa = PBXBuildFile; fileRef = D3850A061CCDFAC10046326B /* Security.framework */; };
		D3850A091CCDFACB0046326B /* CoreGraphics.framework in Frameworks */ = {isa = PBXBuildFile; fileRef = D3850A081CCDFACB0046326B /* CoreGraphics.framework */; };
		D3850A0B1CCDFAD60046326B /* MobileCoreServices.framework in Frameworks */ = {isa = PBXBuildFile; fileRef = D3850A0A1CCDFAD60046326B /* MobileCoreServices.framework */; };
		D3850A0D1CCDFAE00046326B /* CFNetwork.framework in Frameworks */ = {isa = PBXBuildFile; fileRef = D3850A0C1CCDFAE00046326B /* CFNetwork.framework */; };
		D3850A0F1CCDFAEB0046326B /* CoreTelephony.framework in Frameworks */ = {isa = PBXBuildFile; fileRef = D3850A0E1CCDFAEB0046326B /* CoreTelephony.framework */; };
		D3850A111CCDFAF50046326B /* SystemConfiguration.framework in Frameworks */ = {isa = PBXBuildFile; fileRef = D3850A101CCDFAF50046326B /* SystemConfiguration.framework */; };
		D3850A131CCDFB090046326B /* libz.1.2.5.tbd in Frameworks */ = {isa = PBXBuildFile; fileRef = D3850A121CCDFB090046326B /* libz.1.2.5.tbd */; };
		D3850A151CCDFB260046326B /* libicucore.tbd in Frameworks */ = {isa = PBXBuildFile; fileRef = D3850A141CCDFB260046326B /* libicucore.tbd */; };
		D3850A171CCDFB360046326B /* libsqlite3.tbd in Frameworks */ = {isa = PBXBuildFile; fileRef = D3850A161CCDFB360046326B /* libsqlite3.tbd */; };
		D3850A1B1CCE0B250046326B /* LoginViewController.m in Sources */ = {isa = PBXBuildFile; fileRef = D3850A1A1CCE0B250046326B /* LoginViewController.m */; };
		D3850A211CCE0DC50046326B /* desk3.jpg in Resources */ = {isa = PBXBuildFile; fileRef = D3850A1D1CCE0DC50046326B /* desk3.jpg */; };
		D3850A221CCE0DC50046326B /* desk1.jpeg in Resources */ = {isa = PBXBuildFile; fileRef = D3850A1E1CCE0DC50046326B /* desk1.jpeg */; };
		D3850A231CCE0DC50046326B /* desk4.jpg in Resources */ = {isa = PBXBuildFile; fileRef = D3850A1F1CCE0DC50046326B /* desk4.jpg */; };
		D3850A241CCE0DC50046326B /* desk2.jpg in Resources */ = {isa = PBXBuildFile; fileRef = D3850A201CCE0DC50046326B /* desk2.jpg */; };
		D3F14E111CC8A99E001D39C8 /* SetRoadViewController.m in Sources */ = {isa = PBXBuildFile; fileRef = D3F14E101CC8A99E001D39C8 /* SetRoadViewController.m */; };
		D3F14E141CC8AE90001D39C8 /* SetRoadCell.m in Sources */ = {isa = PBXBuildFile; fileRef = D3F14E131CC8AE90001D39C8 /* SetRoadCell.m */; };
		D3F14E171CC8BB4F001D39C8 /* CommitOrderViewController.m in Sources */ = {isa = PBXBuildFile; fileRef = D3F14E161CC8BB4F001D39C8 /* CommitOrderViewController.m */; };
		D3F14E201CC8BD88001D39C8 /* SelectHotelViewController.m in Sources */ = {isa = PBXBuildFile; fileRef = D3F14E1F1CC8BD88001D39C8 /* SelectHotelViewController.m */; };
		D3F14E401CC8DE07001D39C8 /* ZHPickView.m in Sources */ = {isa = PBXBuildFile; fileRef = D3F14E3F1CC8DE07001D39C8 /* ZHPickView.m */; };
		D3F14E421CC8DEED001D39C8 /* city.plist in Resources */ = {isa = PBXBuildFile; fileRef = D3F14E411CC8DEED001D39C8 /* city.plist */; };
		D3F4CDF41CCF47A70071C586 /* LoginView.m in Sources */ = {isa = PBXBuildFile; fileRef = D3F4CDF31CCF47A70071C586 /* LoginView.m */; };
		D3F4CDFA1CCF4FEA0071C586 /* username@2x.png in Resources */ = {isa = PBXBuildFile; fileRef = D3F4CDF61CCF4FEA0071C586 /* username@2x.png */; };
		D3F4CDFB1CCF4FEA0071C586 /* username@3x.png in Resources */ = {isa = PBXBuildFile; fileRef = D3F4CDF71CCF4FEA0071C586 /* username@3x.png */; };
		D3F4CDFC1CCF4FEA0071C586 /* password@2x.png in Resources */ = {isa = PBXBuildFile; fileRef = D3F4CDF81CCF4FEA0071C586 /* password@2x.png */; };
		D3F4CDFD1CCF4FEA0071C586 /* password@3x.png in Resources */ = {isa = PBXBuildFile; fileRef = D3F4CDF91CCF4FEA0071C586 /* password@3x.png */; };
		D3F4CE001CCF5C580071C586 /* SXTextField.m in Sources */ = {isa = PBXBuildFile; fileRef = D3F4CDFF1CCF5C580071C586 /* SXTextField.m */; };
		D3F602171CC9C19F00580CBC /* HotelCell.m in Sources */ = {isa = PBXBuildFile; fileRef = D3F602161CC9C19F00580CBC /* HotelCell.m */; };
		D3F602191CC9C38000580CBC /* HotelCell.xib in Resources */ = {isa = PBXBuildFile; fileRef = D3F602181CC9C38000580CBC /* HotelCell.xib */; };
		D3F602271CC9C52500580CBC /* hotel1.JPG in Resources */ = {isa = PBXBuildFile; fileRef = D3F6021B1CC9C52500580CBC /* hotel1.JPG */; };
		D3F602281CC9C52500580CBC /* hotel2.JPG in Resources */ = {isa = PBXBuildFile; fileRef = D3F6021C1CC9C52500580CBC /* hotel2.JPG */; };
		D3F602291CC9C52500580CBC /* hotel3.JPG in Resources */ = {isa = PBXBuildFile; fileRef = D3F6021D1CC9C52500580CBC /* hotel3.JPG */; };
		D3F6022A1CC9C52500580CBC /* hotel4.JPG in Resources */ = {isa = PBXBuildFile; fileRef = D3F6021E1CC9C52500580CBC /* hotel4.JPG */; };
		D3F6022B1CC9C52500580CBC /* hotel5.JPG in Resources */ = {isa = PBXBuildFile; fileRef = D3F6021F1CC9C52500580CBC /* hotel5.JPG */; };
		D3F6022C1CC9C52500580CBC /* hotel6.JPG in Resources */ = {isa = PBXBuildFile; fileRef = D3F602201CC9C52500580CBC /* hotel6.JPG */; };
		D3F6022D1CC9C52500580CBC /* hotel7.JPG in Resources */ = {isa = PBXBuildFile; fileRef = D3F602211CC9C52500580CBC /* hotel7.JPG */; };
		D3F6022E1CC9C52500580CBC /* hotel8.JPG in Resources */ = {isa = PBXBuildFile; fileRef = D3F602221CC9C52500580CBC /* hotel8.JPG */; };
		D3F6022F1CC9C52500580CBC /* hotel9.JPG in Resources */ = {isa = PBXBuildFile; fileRef = D3F602231CC9C52500580CBC /* hotel9.JPG */; };
		D3F602301CC9C52500580CBC /* hotel10.JPG in Resources */ = {isa = PBXBuildFile; fileRef = D3F602241CC9C52500580CBC /* hotel10.JPG */; };
		D3F602311CC9C52500580CBC /* hotel11.JPG in Resources */ = {isa = PBXBuildFile; fileRef = D3F602251CC9C52500580CBC /* hotel11.JPG */; };
		D3F602321CC9C52500580CBC /* hotel12.JPG in Resources */ = {isa = PBXBuildFile; fileRef = D3F602261CC9C52500580CBC /* hotel12.JPG */; };
		D3F602351CC9C80700580CBC /* hotelModel.m in Sources */ = {isa = PBXBuildFile; fileRef = D3F602341CC9C80700580CBC /* hotelModel.m */; };
		D3F6023A1CC9F27700580CBC /* SettingManager.m in Sources */ = {isa = PBXBuildFile; fileRef = D3F602391CC9F27700580CBC /* SettingManager.m */; };
		D3F6023D1CC9FB5500580CBC /* MoreNewRoadViewController.m in Sources */ = {isa = PBXBuildFile; fileRef = D3F6023C1CC9FB5500580CBC /* MoreNewRoadViewController.m */; };
		D3F602401CC9FB6400580CBC /* TopicRoadViewController.m in Sources */ = {isa = PBXBuildFile; fileRef = D3F6023F1CC9FB6400580CBC /* TopicRoadViewController.m */; };
		D3F6C12C1CC6112900C36C0E /* InfoHeaderCell.m in Sources */ = {isa = PBXBuildFile; fileRef = D3F6C12B1CC6112900C36C0E /* InfoHeaderCell.m */; };
		D3F6C12F1CC6127100C36C0E /* UIView+extension.m in Sources */ = {isa = PBXBuildFile; fileRef = D3F6C12E1CC6127100C36C0E /* UIView+extension.m */; };
		D3F6C1321CC7271E00C36C0E /* SXInteractiveTransition.m in Sources */ = {isa = PBXBuildFile; fileRef = D3F6C1311CC7271E00C36C0E /* SXInteractiveTransition.m */; };
		D3FE79CE1CC0C413004A3663 /* RoadViewController.m in Sources */ = {isa = PBXBuildFile; fileRef = D3FE79CD1CC0C413004A3663 /* RoadViewController.m */; };
		D3FE79D11CC0C6E2004A3663 /* UIView+Addition.m in Sources */ = {isa = PBXBuildFile; fileRef = D3FE79D01CC0C6E2004A3663 /* UIView+Addition.m */; };
		D3FF9DC61CB4E281005C6A45 /* tab_baoxiang_selected@2x.png in Resources */ = {isa = PBXBuildFile; fileRef = D3FF9DB61CB4E281005C6A45 /* tab_baoxiang_selected@2x.png */; };
		D3FF9DC71CB4E281005C6A45 /* tab_baoxiang_selected@3x.png in Resources */ = {isa = PBXBuildFile; fileRef = D3FF9DB71CB4E281005C6A45 /* tab_baoxiang_selected@3x.png */; };
		D3FF9DC81CB4E281005C6A45 /* tab_baoxiang_unselected@2x.png in Resources */ = {isa = PBXBuildFile; fileRef = D3FF9DB81CB4E281005C6A45 /* tab_baoxiang_unselected@2x.png */; };
		D3FF9DC91CB4E281005C6A45 /* tab_baoxiang_unselected@3x.png in Resources */ = {isa = PBXBuildFile; fileRef = D3FF9DB91CB4E281005C6A45 /* tab_baoxiang_unselected@3x.png */; };
		D3FF9DCA1CB4E281005C6A45 /* tab_home_selected@2x.png in Resources */ = {isa = PBXBuildFile; fileRef = D3FF9DBA1CB4E281005C6A45 /* tab_home_selected@2x.png */; };
		D3FF9DCB1CB4E281005C6A45 /* tab_home_selected@3x.png in Resources */ = {isa = PBXBuildFile; fileRef = D3FF9DBB1CB4E281005C6A45 /* tab_home_selected@3x.png */; };
		D3FF9DCC1CB4E281005C6A45 /* tab_home_unselected@2x.png in Resources */ = {isa = PBXBuildFile; fileRef = D3FF9DBC1CB4E281005C6A45 /* tab_home_unselected@2x.png */; };
		D3FF9DCD1CB4E281005C6A45 /* tab_home_unselected@3x.png in Resources */ = {isa = PBXBuildFile; fileRef = D3FF9DBD1CB4E281005C6A45 /* tab_home_unselected@3x.png */; };
		D3FF9DCE1CB4E281005C6A45 /* tab_money_selectd@3x.png in Resources */ = {isa = PBXBuildFile; fileRef = D3FF9DBE1CB4E281005C6A45 /* tab_money_selectd@3x.png */; };
		D3FF9DCF1CB4E281005C6A45 /* tab_money_selected@2x.png in Resources */ = {isa = PBXBuildFile; fileRef = D3FF9DBF1CB4E281005C6A45 /* tab_money_selected@2x.png */; };
		D3FF9DD01CB4E281005C6A45 /* tab_money_unselected@2x.png in Resources */ = {isa = PBXBuildFile; fileRef = D3FF9DC01CB4E281005C6A45 /* tab_money_unselected@2x.png */; };
		D3FF9DD11CB4E281005C6A45 /* tab_money_unselected@3x.png in Resources */ = {isa = PBXBuildFile; fileRef = D3FF9DC11CB4E281005C6A45 /* tab_money_unselected@3x.png */; };
		D3FF9DD21CB4E281005C6A45 /* tab_person_selected@2x.png in Resources */ = {isa = PBXBuildFile; fileRef = D3FF9DC21CB4E281005C6A45 /* tab_person_selected@2x.png */; };
		D3FF9DD31CB4E281005C6A45 /* tab_person_selected@3x.png in Resources */ = {isa = PBXBuildFile; fileRef = D3FF9DC31CB4E281005C6A45 /* tab_person_selected@3x.png */; };
		D3FF9DD41CB4E281005C6A45 /* tab_person_unselected@2x.png in Resources */ = {isa = PBXBuildFile; fileRef = D3FF9DC41CB4E281005C6A45 /* tab_person_unselected@2x.png */; };
		D3FF9DD51CB4E281005C6A45 /* tab_person_unselected@3x.png in Resources */ = {isa = PBXBuildFile; fileRef = D3FF9DC51CB4E281005C6A45 /* tab_person_unselected@3x.png */; };
		D3FF9DDE1CB4E5A5005C6A45 /* SXViewControllerInteceptor.m in Sources */ = {isa = PBXBuildFile; fileRef = D3FF9DDD1CB4E5A5005C6A45 /* SXViewControllerInteceptor.m */; };
/* End PBXBuildFile section */

/* Begin PBXContainerItemProxy section */
		2FE8580D1C9657A6007E9B04 /* PBXContainerItemProxy */ = {
			isa = PBXContainerItemProxy;
			containerPortal = 2FE857EB1C9657A6007E9B04 /* Project object */;
			proxyType = 1;
			remoteGlobalIDString = 2FE857F21C9657A6007E9B04;
			remoteInfo = SuiXing;
		};
		2FE858181C9657A6007E9B04 /* PBXContainerItemProxy */ = {
			isa = PBXContainerItemProxy;
			containerPortal = 2FE857EB1C9657A6007E9B04 /* Project object */;
			proxyType = 1;
			remoteGlobalIDString = 2FE857F21C9657A6007E9B04;
			remoteInfo = SuiXing;
		};
/* End PBXContainerItemProxy section */

/* Begin PBXFileReference section */
		0AE682A31CD201FD00C2B3DA /* SXTabBarController.h */ = {isa = PBXFileReference; fileEncoding = 4; lastKnownFileType = sourcecode.c.h; path = SXTabBarController.h; sourceTree = "<group>"; };
		0AE682A41CD201FD00C2B3DA /* SXTabBarController.m */ = {isa = PBXFileReference; fileEncoding = 4; lastKnownFileType = sourcecode.c.objc; path = SXTabBarController.m; sourceTree = "<group>"; };
		0AE682A61CD2079B00C2B3DA /* SXPlusButtonSubclass.h */ = {isa = PBXFileReference; fileEncoding = 4; lastKnownFileType = sourcecode.c.h; path = SXPlusButtonSubclass.h; sourceTree = "<group>"; };
		0AE682A71CD2079B00C2B3DA /* SXPlusButtonSubclass.m */ = {isa = PBXFileReference; fileEncoding = 4; lastKnownFileType = sourcecode.c.objc; path = SXPlusButtonSubclass.m; sourceTree = "<group>"; };
		0AE682A91CD20CCB00C2B3DA /* hood-selected@2x.png */ = {isa = PBXFileReference; lastKnownFileType = image.png; path = "hood-selected@2x.png"; sourceTree = "<group>"; };
		0AE682AA1CD20CCB00C2B3DA /* hood@2x.png */ = {isa = PBXFileReference; lastKnownFileType = image.png; path = "hood@2x.png"; sourceTree = "<group>"; };
		0AE682AD1CD20F0B00C2B3DA /* post_normal@2x.png */ = {isa = PBXFileReference; lastKnownFileType = image.png; path = "post_normal@2x.png"; sourceTree = "<group>"; };
		0AE682AF1CD20FDE00C2B3DA /* tapbar_top_line@2x.png */ = {isa = PBXFileReference; lastKnownFileType = image.png; path = "tapbar_top_line@2x.png"; sourceTree = "<group>"; };
		0AE682C21CD211FF00C2B3DA /* CYLTabBarController.h */ = {isa = PBXFileReference; fileEncoding = 4; lastKnownFileType = sourcecode.c.h; path = CYLTabBarController.h; sourceTree = "<group>"; };
		0AE682C31CD211FF00C2B3DA /* CYLTabBarController.m */ = {isa = PBXFileReference; fileEncoding = 4; lastKnownFileType = sourcecode.c.objc; path = CYLTabBarController.m; sourceTree = "<group>"; };
		0AE682C41CD211FF00C2B3DA /* CYLTabBar.h */ = {isa = PBXFileReference; fileEncoding = 4; lastKnownFileType = sourcecode.c.h; path = CYLTabBar.h; sourceTree = "<group>"; };
		0AE682C51CD211FF00C2B3DA /* CYLTabBar.m */ = {isa = PBXFileReference; fileEncoding = 4; lastKnownFileType = sourcecode.c.objc; path = CYLTabBar.m; sourceTree = "<group>"; };
		0AE682C61CD211FF00C2B3DA /* CYLPlusButton.h */ = {isa = PBXFileReference; fileEncoding = 4; lastKnownFileType = sourcecode.c.h; path = CYLPlusButton.h; sourceTree = "<group>"; };
		0AE682C71CD211FF00C2B3DA /* CYLPlusButton.m */ = {isa = PBXFileReference; fileEncoding = 4; lastKnownFileType = sourcecode.c.objc; path = CYLPlusButton.m; sourceTree = "<group>"; };
		0AE682C81CD211FF00C2B3DA /* UIViewController+CYLJumpToOtherTabBarControllerItem.h */ = {isa = PBXFileReference; fileEncoding = 4; lastKnownFileType = sourcecode.c.h; path = "UIViewController+CYLJumpToOtherTabBarControllerItem.h"; sourceTree = "<group>"; };
		0AE682C91CD211FF00C2B3DA /* UIViewController+CYLJumpToOtherTabBarControllerItem.m */ = {isa = PBXFileReference; fileEncoding = 4; lastKnownFileType = sourcecode.c.objc; path = "UIViewController+CYLJumpToOtherTabBarControllerItem.m"; sourceTree = "<group>"; };
		2FE857F31C9657A6007E9B04 /* SuiXing.app */ = {isa = PBXFileReference; explicitFileType = wrapper.application; includeInIndex = 0; path = SuiXing.app; sourceTree = BUILT_PRODUCTS_DIR; };
		2FE857F71C9657A6007E9B04 /* main.m */ = {isa = PBXFileReference; lastKnownFileType = sourcecode.c.objc; path = main.m; sourceTree = "<group>"; };
		2FE857F91C9657A6007E9B04 /* AppDelegate.h */ = {isa = PBXFileReference; lastKnownFileType = sourcecode.c.h; path = AppDelegate.h; sourceTree = "<group>"; };
		2FE857FA1C9657A6007E9B04 /* AppDelegate.m */ = {isa = PBXFileReference; lastKnownFileType = sourcecode.c.objc; path = AppDelegate.m; sourceTree = "<group>"; };
		2FE857FC1C9657A6007E9B04 /* ViewController.h */ = {isa = PBXFileReference; lastKnownFileType = sourcecode.c.h; path = ViewController.h; sourceTree = "<group>"; };
		2FE857FD1C9657A6007E9B04 /* ViewController.m */ = {isa = PBXFileReference; lastKnownFileType = sourcecode.c.objc; path = ViewController.m; sourceTree = "<group>"; };
		2FE858001C9657A6007E9B04 /* Base */ = {isa = PBXFileReference; lastKnownFileType = file.storyboard; name = Base; path = Base.lproj/Main.storyboard; sourceTree = "<group>"; };
		2FE858021C9657A6007E9B04 /* Assets.xcassets */ = {isa = PBXFileReference; lastKnownFileType = folder.assetcatalog; path = Assets.xcassets; sourceTree = "<group>"; };
		2FE858051C9657A6007E9B04 /* Base */ = {isa = PBXFileReference; lastKnownFileType = file.storyboard; name = Base; path = Base.lproj/LaunchScreen.storyboard; sourceTree = "<group>"; };
		2FE858071C9657A6007E9B04 /* Info.plist */ = {isa = PBXFileReference; lastKnownFileType = text.plist.xml; path = Info.plist; sourceTree = "<group>"; };
		2FE8580C1C9657A6007E9B04 /* SuiXingTests.xctest */ = {isa = PBXFileReference; explicitFileType = wrapper.cfbundle; includeInIndex = 0; path = SuiXingTests.xctest; sourceTree = BUILT_PRODUCTS_DIR; };
		2FE858101C9657A6007E9B04 /* SuiXingTests.m */ = {isa = PBXFileReference; lastKnownFileType = sourcecode.c.objc; path = SuiXingTests.m; sourceTree = "<group>"; };
		2FE858121C9657A6007E9B04 /* Info.plist */ = {isa = PBXFileReference; lastKnownFileType = text.plist.xml; path = Info.plist; sourceTree = "<group>"; };
		2FE858171C9657A6007E9B04 /* SuiXingUITests.xctest */ = {isa = PBXFileReference; explicitFileType = wrapper.cfbundle; includeInIndex = 0; path = SuiXingUITests.xctest; sourceTree = BUILT_PRODUCTS_DIR; };
		2FE8581B1C9657A6007E9B04 /* SuiXingUITests.m */ = {isa = PBXFileReference; lastKnownFileType = sourcecode.c.objc; path = SuiXingUITests.m; sourceTree = "<group>"; };
		2FE8581D1C9657A6007E9B04 /* Info.plist */ = {isa = PBXFileReference; lastKnownFileType = text.plist.xml; path = Info.plist; sourceTree = "<group>"; };
		2FE858311C965954007E9B04 /* IndexViewController.h */ = {isa = PBXFileReference; fileEncoding = 4; lastKnownFileType = sourcecode.c.h; path = IndexViewController.h; sourceTree = "<group>"; };
		2FE858321C965954007E9B04 /* IndexViewController.m */ = {isa = PBXFileReference; fileEncoding = 4; lastKnownFileType = sourcecode.c.objc; path = IndexViewController.m; sourceTree = "<group>"; };
		2FE8583E1C965D18007E9B04 /* DynamicViewController.h */ = {isa = PBXFileReference; fileEncoding = 4; lastKnownFileType = sourcecode.c.h; path = DynamicViewController.h; sourceTree = "<group>"; };
		2FE8583F1C965D18007E9B04 /* DynamicViewController.m */ = {isa = PBXFileReference; fileEncoding = 4; lastKnownFileType = sourcecode.c.objc; path = DynamicViewController.m; sourceTree = "<group>"; };
		2FE858411C965D28007E9B04 /* InformationViewController.h */ = {isa = PBXFileReference; fileEncoding = 4; lastKnownFileType = sourcecode.c.h; path = InformationViewController.h; sourceTree = "<group>"; };
		2FE858421C965D28007E9B04 /* InformationViewController.m */ = {isa = PBXFileReference; fileEncoding = 4; lastKnownFileType = sourcecode.c.objc; path = InformationViewController.m; sourceTree = "<group>"; };
		2FE858441C965DB1007E9B04 /* MineViewController.h */ = {isa = PBXFileReference; fileEncoding = 4; lastKnownFileType = sourcecode.c.h; path = MineViewController.h; sourceTree = "<group>"; };
		2FE858451C965DB1007E9B04 /* MineViewController.m */ = {isa = PBXFileReference; fileEncoding = 4; lastKnownFileType = sourcecode.c.objc; path = MineViewController.m; sourceTree = "<group>"; };
		454569A56B85BBC909430E76 /* Pods.debug.xcconfig */ = {isa = PBXFileReference; includeInIndex = 1; lastKnownFileType = text.xcconfig; name = Pods.debug.xcconfig; path = "Pods/Target Support Files/Pods/Pods.debug.xcconfig"; sourceTree = "<group>"; };
		628B4458F8B8C21880C87F1E /* Pods.release.xcconfig */ = {isa = PBXFileReference; includeInIndex = 1; lastKnownFileType = text.xcconfig; name = Pods.release.xcconfig; path = "Pods/Target Support Files/Pods/Pods.release.xcconfig"; sourceTree = "<group>"; };
		B87EF9D32BBD87383EE5F799 /* libPods.a */ = {isa = PBXFileReference; explicitFileType = archive.ar; includeInIndex = 0; path = libPods.a; sourceTree = BUILT_PRODUCTS_DIR; };
		D30B4E061CC779D5008D97C1 /* RoadFooterView.h */ = {isa = PBXFileReference; fileEncoding = 4; lastKnownFileType = sourcecode.c.h; path = RoadFooterView.h; sourceTree = "<group>"; };
		D30B4E071CC779D5008D97C1 /* RoadFooterView.m */ = {isa = PBXFileReference; fileEncoding = 4; lastKnownFileType = sourcecode.c.objc; path = RoadFooterView.m; sourceTree = "<group>"; };
		D30B4E091CC77D62008D97C1 /* RoadModel.h */ = {isa = PBXFileReference; fileEncoding = 4; lastKnownFileType = sourcecode.c.h; path = RoadModel.h; sourceTree = "<group>"; };
		D30B4E0A1CC77D62008D97C1 /* RoadModel.m */ = {isa = PBXFileReference; fileEncoding = 4; lastKnownFileType = sourcecode.c.objc; path = RoadModel.m; sourceTree = "<group>"; };
		D33147951CC7669600906A60 /* PersonCell.h */ = {isa = PBXFileReference; fileEncoding = 4; lastKnownFileType = sourcecode.c.h; path = PersonCell.h; sourceTree = "<group>"; };
		D33147961CC7669600906A60 /* PersonCell.m */ = {isa = PBXFileReference; fileEncoding = 4; lastKnownFileType = sourcecode.c.objc; path = PersonCell.m; sourceTree = "<group>"; };
		D33147981CC766DA00906A60 /* RoadCell.h */ = {isa = PBXFileReference; fileEncoding = 4; lastKnownFileType = sourcecode.c.h; path = RoadCell.h; sourceTree = "<group>"; };
		D33147991CC766DA00906A60 /* RoadCell.m */ = {isa = PBXFileReference; fileEncoding = 4; lastKnownFileType = sourcecode.c.objc; path = RoadCell.m; sourceTree = "<group>"; };
		D35332F11CBDEF93001E326D /* SXScrollCell.h */ = {isa = PBXFileReference; fileEncoding = 4; lastKnownFileType = sourcecode.c.h; path = SXScrollCell.h; sourceTree = "<group>"; };
		D35332F21CBDEF93001E326D /* SXScrollCell.m */ = {isa = PBXFileReference; fileEncoding = 4; lastKnownFileType = sourcecode.c.objc; path = SXScrollCell.m; sourceTree = "<group>"; };
		D35332F61CBDF0AA001E326D /* AdDataModel.h */ = {isa = PBXFileReference; fileEncoding = 4; lastKnownFileType = sourcecode.c.h; path = AdDataModel.h; sourceTree = "<group>"; };
		D35332F71CBDF0AA001E326D /* AdDataModel.m */ = {isa = PBXFileReference; fileEncoding = 4; lastKnownFileType = sourcecode.c.objc; path = AdDataModel.m; sourceTree = "<group>"; };
		D35332F81CBDF0AA001E326D /* AdDataPlist.plist */ = {isa = PBXFileReference; fileEncoding = 4; lastKnownFileType = text.plist.xml; path = AdDataPlist.plist; sourceTree = "<group>"; };
		D35332F91CBDF0AA001E326D /* AdScrollView.h */ = {isa = PBXFileReference; fileEncoding = 4; lastKnownFileType = sourcecode.c.h; path = AdScrollView.h; sourceTree = "<group>"; };
		D35332FA1CBDF0AA001E326D /* AdScrollView.m */ = {isa = PBXFileReference; fileEncoding = 4; lastKnownFileType = sourcecode.c.objc; path = AdScrollView.m; sourceTree = "<group>"; };
		D35333021CBE14C2001E326D /* SXScrollView.h */ = {isa = PBXFileReference; fileEncoding = 4; lastKnownFileType = sourcecode.c.h; path = SXScrollView.h; sourceTree = "<group>"; };
		D35333031CBE14C2001E326D /* SXScrollView.m */ = {isa = PBXFileReference; fileEncoding = 4; lastKnownFileType = sourcecode.c.objc; path = SXScrollView.m; sourceTree = "<group>"; };
		D35333051CBE268F001E326D /* SXScrollModel.h */ = {isa = PBXFileReference; fileEncoding = 4; lastKnownFileType = sourcecode.c.h; path = SXScrollModel.h; sourceTree = "<group>"; };
		D35333061CBE268F001E326D /* SXScrollModel.m */ = {isa = PBXFileReference; fileEncoding = 4; lastKnownFileType = sourcecode.c.objc; path = SXScrollModel.m; sourceTree = "<group>"; };
		D35333091CBE2B35001E326D /* 1.jpg */ = {isa = PBXFileReference; lastKnownFileType = image.jpeg; path = 1.jpg; sourceTree = "<group>"; };
		D353330A1CBE2B35001E326D /* 2.jpg */ = {isa = PBXFileReference; lastKnownFileType = image.jpeg; path = 2.jpg; sourceTree = "<group>"; };
		D353330B1CBE2B35001E326D /* 3.jpg */ = {isa = PBXFileReference; lastKnownFileType = image.jpeg; path = 3.jpg; sourceTree = "<group>"; };
		D353330C1CBE2B35001E326D /* 4.jpg */ = {isa = PBXFileReference; lastKnownFileType = image.jpeg; path = 4.jpg; sourceTree = "<group>"; };
		D353330D1CBE2B35001E326D /* 5.jpg */ = {isa = PBXFileReference; lastKnownFileType = image.jpeg; path = 5.jpg; sourceTree = "<group>"; };
		D353330E1CBE2B35001E326D /* 6.jpg */ = {isa = PBXFileReference; lastKnownFileType = image.jpeg; path = 6.jpg; sourceTree = "<group>"; };
		D353330F1CBE2B35001E326D /* 7.jpg */ = {isa = PBXFileReference; lastKnownFileType = image.jpeg; path = 7.jpg; sourceTree = "<group>"; };
		D35333101CBE2B35001E326D /* 8.jpg */ = {isa = PBXFileReference; lastKnownFileType = image.jpeg; path = 8.jpg; sourceTree = "<group>"; };
		D35333111CBE2B35001E326D /* 9.jpg */ = {isa = PBXFileReference; lastKnownFileType = image.jpeg; path = 9.jpg; sourceTree = "<group>"; };
		D353331B1CBE3897001E326D /* NSTimer+Addition.h */ = {isa = PBXFileReference; fileEncoding = 4; lastKnownFileType = sourcecode.c.h; path = "NSTimer+Addition.h"; sourceTree = "<group>"; };
		D353331C1CBE3897001E326D /* NSTimer+Addition.m */ = {isa = PBXFileReference; fileEncoding = 4; lastKnownFileType = sourcecode.c.objc; path = "NSTimer+Addition.m"; sourceTree = "<group>"; };
		D353331E1CBE4514001E326D /* SXPageControl.h */ = {isa = PBXFileReference; fileEncoding = 4; lastKnownFileType = sourcecode.c.h; path = SXPageControl.h; sourceTree = "<group>"; };
		D353331F1CBE4514001E326D /* SXPageControl.m */ = {isa = PBXFileReference; fileEncoding = 4; lastKnownFileType = sourcecode.c.objc; path = SXPageControl.m; sourceTree = "<group>"; };
		D35333211CBE5A7A001E326D /* NewRoadCell.h */ = {isa = PBXFileReference; fileEncoding = 4; lastKnownFileType = sourcecode.c.h; path = NewRoadCell.h; sourceTree = "<group>"; };
		D35333221CBE5A7A001E326D /* NewRoadCell.m */ = {isa = PBXFileReference; fileEncoding = 4; lastKnownFileType = sourcecode.c.objc; path = NewRoadCell.m; sourceTree = "<group>"; };
		D35333241CBE5A8B001E326D /* TopicRoadCell.h */ = {isa = PBXFileReference; fileEncoding = 4; lastKnownFileType = sourcecode.c.h; path = TopicRoadCell.h; sourceTree = "<group>"; };
		D35333251CBE5A8B001E326D /* TopicRoadCell.m */ = {isa = PBXFileReference; fileEncoding = 4; lastKnownFileType = sourcecode.c.objc; path = TopicRoadCell.m; sourceTree = "<group>"; };
		D35333271CBF4137001E326D /* SXIndexHeaderView.h */ = {isa = PBXFileReference; fileEncoding = 4; lastKnownFileType = sourcecode.c.h; path = SXIndexHeaderView.h; sourceTree = "<group>"; };
		D35333281CBF4137001E326D /* SXIndexHeaderView.m */ = {isa = PBXFileReference; fileEncoding = 4; lastKnownFileType = sourcecode.c.objc; path = SXIndexHeaderView.m; sourceTree = "<group>"; };
		D353332A1CBF46C4001E326D /* NewRoadModel.h */ = {isa = PBXFileReference; fileEncoding = 4; lastKnownFileType = sourcecode.c.h; path = NewRoadModel.h; sourceTree = "<group>"; };
		D353332B1CBF46C4001E326D /* NewRoadModel.m */ = {isa = PBXFileReference; fileEncoding = 4; lastKnownFileType = sourcecode.c.objc; path = NewRoadModel.m; sourceTree = "<group>"; };
		D38509F11CCDED9F0046326B /* MF_NetAPIClient.h */ = {isa = PBXFileReference; fileEncoding = 4; lastKnownFileType = sourcecode.c.h; path = MF_NetAPIClient.h; sourceTree = "<group>"; };
		D38509F21CCDED9F0046326B /* MF_NetAPIClient.m */ = {isa = PBXFileReference; fileEncoding = 4; lastKnownFileType = sourcecode.c.objc; path = MF_NetAPIClient.m; sourceTree = "<group>"; };
		D38509F31CCDED9F0046326B /* MF_NetAPIManager.h */ = {isa = PBXFileReference; fileEncoding = 4; lastKnownFileType = sourcecode.c.h; path = MF_NetAPIManager.h; sourceTree = "<group>"; };
		D38509F41CCDED9F0046326B /* MF_NetAPIManager.m */ = {isa = PBXFileReference; fileEncoding = 4; lastKnownFileType = sourcecode.c.objc; path = MF_NetAPIManager.m; sourceTree = "<group>"; };
		D38509F91CCDEE100046326B /* NSObject+common.h */ = {isa = PBXFileReference; fileEncoding = 4; lastKnownFileType = sourcecode.c.h; path = "NSObject+common.h"; sourceTree = "<group>"; };
		D38509FA1CCDEE100046326B /* NSObject+common.m */ = {isa = PBXFileReference; fileEncoding = 4; lastKnownFileType = sourcecode.c.objc; path = "NSObject+common.m"; sourceTree = "<group>"; };
		D38509FF1CCDEE630046326B /* MF_ApiConfig.h */ = {isa = PBXFileReference; lastKnownFileType = sourcecode.c.h; path = MF_ApiConfig.h; sourceTree = "<group>"; };
		D3850A041CCDFAB60046326B /* CoreLocation.framework */ = {isa = PBXFileReference; lastKnownFileType = wrapper.framework; name = CoreLocation.framework; path = System/Library/Frameworks/CoreLocation.framework; sourceTree = SDKROOT; };
		D3850A061CCDFAC10046326B /* Security.framework */ = {isa = PBXFileReference; lastKnownFileType = wrapper.framework; name = Security.framework; path = System/Library/Frameworks/Security.framework; sourceTree = SDKROOT; };
		D3850A081CCDFACB0046326B /* CoreGraphics.framework */ = {isa = PBXFileReference; lastKnownFileType = wrapper.framework; name = CoreGraphics.framework; path = System/Library/Frameworks/CoreGraphics.framework; sourceTree = SDKROOT; };
		D3850A0A1CCDFAD60046326B /* MobileCoreServices.framework */ = {isa = PBXFileReference; lastKnownFileType = wrapper.framework; name = MobileCoreServices.framework; path = System/Library/Frameworks/MobileCoreServices.framework; sourceTree = SDKROOT; };
		D3850A0C1CCDFAE00046326B /* CFNetwork.framework */ = {isa = PBXFileReference; lastKnownFileType = wrapper.framework; name = CFNetwork.framework; path = System/Library/Frameworks/CFNetwork.framework; sourceTree = SDKROOT; };
		D3850A0E1CCDFAEB0046326B /* CoreTelephony.framework */ = {isa = PBXFileReference; lastKnownFileType = wrapper.framework; name = CoreTelephony.framework; path = System/Library/Frameworks/CoreTelephony.framework; sourceTree = SDKROOT; };
		D3850A101CCDFAF50046326B /* SystemConfiguration.framework */ = {isa = PBXFileReference; lastKnownFileType = wrapper.framework; name = SystemConfiguration.framework; path = System/Library/Frameworks/SystemConfiguration.framework; sourceTree = SDKROOT; };
		D3850A121CCDFB090046326B /* libz.1.2.5.tbd */ = {isa = PBXFileReference; lastKnownFileType = "sourcecode.text-based-dylib-definition"; name = libz.1.2.5.tbd; path = usr/lib/libz.1.2.5.tbd; sourceTree = SDKROOT; };
		D3850A141CCDFB260046326B /* libicucore.tbd */ = {isa = PBXFileReference; lastKnownFileType = "sourcecode.text-based-dylib-definition"; name = libicucore.tbd; path = usr/lib/libicucore.tbd; sourceTree = SDKROOT; };
		D3850A161CCDFB360046326B /* libsqlite3.tbd */ = {isa = PBXFileReference; lastKnownFileType = "sourcecode.text-based-dylib-definition"; name = libsqlite3.tbd; path = usr/lib/libsqlite3.tbd; sourceTree = SDKROOT; };
		D3850A191CCE0B250046326B /* LoginViewController.h */ = {isa = PBXFileReference; fileEncoding = 4; lastKnownFileType = sourcecode.c.h; path = LoginViewController.h; sourceTree = "<group>"; };
		D3850A1A1CCE0B250046326B /* LoginViewController.m */ = {isa = PBXFileReference; fileEncoding = 4; lastKnownFileType = sourcecode.c.objc; path = LoginViewController.m; sourceTree = "<group>"; };
		D3850A1D1CCE0DC50046326B /* desk3.jpg */ = {isa = PBXFileReference; lastKnownFileType = image.jpeg; path = desk3.jpg; sourceTree = "<group>"; };
		D3850A1E1CCE0DC50046326B /* desk1.jpeg */ = {isa = PBXFileReference; lastKnownFileType = image.jpeg; path = desk1.jpeg; sourceTree = "<group>"; };
		D3850A1F1CCE0DC50046326B /* desk4.jpg */ = {isa = PBXFileReference; lastKnownFileType = image.jpeg; path = desk4.jpg; sourceTree = "<group>"; };
		D3850A201CCE0DC50046326B /* desk2.jpg */ = {isa = PBXFileReference; lastKnownFileType = image.jpeg; path = desk2.jpg; sourceTree = "<group>"; };
		D3F14E0F1CC8A99E001D39C8 /* SetRoadViewController.h */ = {isa = PBXFileReference; fileEncoding = 4; lastKnownFileType = sourcecode.c.h; path = SetRoadViewController.h; sourceTree = "<group>"; };
		D3F14E101CC8A99E001D39C8 /* SetRoadViewController.m */ = {isa = PBXFileReference; fileEncoding = 4; lastKnownFileType = sourcecode.c.objc; path = SetRoadViewController.m; sourceTree = "<group>"; };
		D3F14E121CC8AE90001D39C8 /* SetRoadCell.h */ = {isa = PBXFileReference; fileEncoding = 4; lastKnownFileType = sourcecode.c.h; path = SetRoadCell.h; sourceTree = "<group>"; };
		D3F14E131CC8AE90001D39C8 /* SetRoadCell.m */ = {isa = PBXFileReference; fileEncoding = 4; lastKnownFileType = sourcecode.c.objc; path = SetRoadCell.m; sourceTree = "<group>"; };
		D3F14E151CC8BB4F001D39C8 /* CommitOrderViewController.h */ = {isa = PBXFileReference; fileEncoding = 4; lastKnownFileType = sourcecode.c.h; path = CommitOrderViewController.h; sourceTree = "<group>"; };
		D3F14E161CC8BB4F001D39C8 /* CommitOrderViewController.m */ = {isa = PBXFileReference; fileEncoding = 4; lastKnownFileType = sourcecode.c.objc; path = CommitOrderViewController.m; sourceTree = "<group>"; };
		D3F14E1E1CC8BD88001D39C8 /* SelectHotelViewController.h */ = {isa = PBXFileReference; fileEncoding = 4; lastKnownFileType = sourcecode.c.h; path = SelectHotelViewController.h; sourceTree = "<group>"; };
		D3F14E1F1CC8BD88001D39C8 /* SelectHotelViewController.m */ = {isa = PBXFileReference; fileEncoding = 4; lastKnownFileType = sourcecode.c.objc; path = SelectHotelViewController.m; sourceTree = "<group>"; };
		D3F14E3E1CC8DE07001D39C8 /* ZHPickView.h */ = {isa = PBXFileReference; fileEncoding = 4; lastKnownFileType = sourcecode.c.h; path = ZHPickView.h; sourceTree = "<group>"; };
		D3F14E3F1CC8DE07001D39C8 /* ZHPickView.m */ = {isa = PBXFileReference; fileEncoding = 4; lastKnownFileType = sourcecode.c.objc; path = ZHPickView.m; sourceTree = "<group>"; };
		D3F14E411CC8DEED001D39C8 /* city.plist */ = {isa = PBXFileReference; fileEncoding = 4; lastKnownFileType = text.plist.xml; path = city.plist; sourceTree = "<group>"; };
		D3F4CDF21CCF47A70071C586 /* LoginView.h */ = {isa = PBXFileReference; fileEncoding = 4; lastKnownFileType = sourcecode.c.h; path = LoginView.h; sourceTree = "<group>"; };
		D3F4CDF31CCF47A70071C586 /* LoginView.m */ = {isa = PBXFileReference; fileEncoding = 4; lastKnownFileType = sourcecode.c.objc; path = LoginView.m; sourceTree = "<group>"; };
		D3F4CDF61CCF4FEA0071C586 /* username@2x.png */ = {isa = PBXFileReference; lastKnownFileType = image.png; path = "username@2x.png"; sourceTree = "<group>"; };
		D3F4CDF71CCF4FEA0071C586 /* username@3x.png */ = {isa = PBXFileReference; lastKnownFileType = image.png; path = "username@3x.png"; sourceTree = "<group>"; };
		D3F4CDF81CCF4FEA0071C586 /* password@2x.png */ = {isa = PBXFileReference; lastKnownFileType = image.png; path = "password@2x.png"; sourceTree = "<group>"; };
		D3F4CDF91CCF4FEA0071C586 /* password@3x.png */ = {isa = PBXFileReference; lastKnownFileType = image.png; path = "password@3x.png"; sourceTree = "<group>"; };
		D3F4CDFE1CCF5C580071C586 /* SXTextField.h */ = {isa = PBXFileReference; fileEncoding = 4; lastKnownFileType = sourcecode.c.h; path = SXTextField.h; sourceTree = "<group>"; };
		D3F4CDFF1CCF5C580071C586 /* SXTextField.m */ = {isa = PBXFileReference; fileEncoding = 4; lastKnownFileType = sourcecode.c.objc; path = SXTextField.m; sourceTree = "<group>"; };
		D3F602151CC9C19F00580CBC /* HotelCell.h */ = {isa = PBXFileReference; fileEncoding = 4; lastKnownFileType = sourcecode.c.h; path = HotelCell.h; sourceTree = "<group>"; };
		D3F602161CC9C19F00580CBC /* HotelCell.m */ = {isa = PBXFileReference; fileEncoding = 4; lastKnownFileType = sourcecode.c.objc; path = HotelCell.m; sourceTree = "<group>"; };
		D3F602181CC9C38000580CBC /* HotelCell.xib */ = {isa = PBXFileReference; fileEncoding = 4; lastKnownFileType = file.xib; path = HotelCell.xib; sourceTree = "<group>"; };
		D3F6021B1CC9C52500580CBC /* hotel1.JPG */ = {isa = PBXFileReference; lastKnownFileType = image.jpeg; path = hotel1.JPG; sourceTree = "<group>"; };
		D3F6021C1CC9C52500580CBC /* hotel2.JPG */ = {isa = PBXFileReference; lastKnownFileType = image.jpeg; path = hotel2.JPG; sourceTree = "<group>"; };
		D3F6021D1CC9C52500580CBC /* hotel3.JPG */ = {isa = PBXFileReference; lastKnownFileType = image.jpeg; path = hotel3.JPG; sourceTree = "<group>"; };
		D3F6021E1CC9C52500580CBC /* hotel4.JPG */ = {isa = PBXFileReference; lastKnownFileType = image.jpeg; path = hotel4.JPG; sourceTree = "<group>"; };
		D3F6021F1CC9C52500580CBC /* hotel5.JPG */ = {isa = PBXFileReference; lastKnownFileType = image.jpeg; path = hotel5.JPG; sourceTree = "<group>"; };
		D3F602201CC9C52500580CBC /* hotel6.JPG */ = {isa = PBXFileReference; lastKnownFileType = image.jpeg; path = hotel6.JPG; sourceTree = "<group>"; };
		D3F602211CC9C52500580CBC /* hotel7.JPG */ = {isa = PBXFileReference; lastKnownFileType = image.jpeg; path = hotel7.JPG; sourceTree = "<group>"; };
		D3F602221CC9C52500580CBC /* hotel8.JPG */ = {isa = PBXFileReference; lastKnownFileType = image.jpeg; path = hotel8.JPG; sourceTree = "<group>"; };
		D3F602231CC9C52500580CBC /* hotel9.JPG */ = {isa = PBXFileReference; lastKnownFileType = image.jpeg; path = hotel9.JPG; sourceTree = "<group>"; };
		D3F602241CC9C52500580CBC /* hotel10.JPG */ = {isa = PBXFileReference; lastKnownFileType = image.jpeg; path = hotel10.JPG; sourceTree = "<group>"; };
		D3F602251CC9C52500580CBC /* hotel11.JPG */ = {isa = PBXFileReference; lastKnownFileType = image.jpeg; path = hotel11.JPG; sourceTree = "<group>"; };
		D3F602261CC9C52500580CBC /* hotel12.JPG */ = {isa = PBXFileReference; lastKnownFileType = image.jpeg; path = hotel12.JPG; sourceTree = "<group>"; };
		D3F602331CC9C80700580CBC /* hotelModel.h */ = {isa = PBXFileReference; fileEncoding = 4; lastKnownFileType = sourcecode.c.h; path = hotelModel.h; sourceTree = "<group>"; };
		D3F602341CC9C80700580CBC /* hotelModel.m */ = {isa = PBXFileReference; fileEncoding = 4; lastKnownFileType = sourcecode.c.objc; path = hotelModel.m; sourceTree = "<group>"; };
		D3F602371CC9F27700580CBC /* SettingDefine.h */ = {isa = PBXFileReference; fileEncoding = 4; lastKnownFileType = sourcecode.c.h; path = SettingDefine.h; sourceTree = "<group>"; };
		D3F602381CC9F27700580CBC /* SettingManager.h */ = {isa = PBXFileReference; fileEncoding = 4; lastKnownFileType = sourcecode.c.h; path = SettingManager.h; sourceTree = "<group>"; };
		D3F602391CC9F27700580CBC /* SettingManager.m */ = {isa = PBXFileReference; fileEncoding = 4; lastKnownFileType = sourcecode.c.objc; path = SettingManager.m; sourceTree = "<group>"; };
		D3F6023B1CC9FB5500580CBC /* MoreNewRoadViewController.h */ = {isa = PBXFileReference; fileEncoding = 4; lastKnownFileType = sourcecode.c.h; path = MoreNewRoadViewController.h; sourceTree = "<group>"; };
		D3F6023C1CC9FB5500580CBC /* MoreNewRoadViewController.m */ = {isa = PBXFileReference; fileEncoding = 4; lastKnownFileType = sourcecode.c.objc; path = MoreNewRoadViewController.m; sourceTree = "<group>"; };
		D3F6023E1CC9FB6400580CBC /* TopicRoadViewController.h */ = {isa = PBXFileReference; fileEncoding = 4; lastKnownFileType = sourcecode.c.h; path = TopicRoadViewController.h; sourceTree = "<group>"; };
		D3F6023F1CC9FB6400580CBC /* TopicRoadViewController.m */ = {isa = PBXFileReference; fileEncoding = 4; lastKnownFileType = sourcecode.c.objc; path = TopicRoadViewController.m; sourceTree = "<group>"; };
		D3F6C12A1CC6112900C36C0E /* InfoHeaderCell.h */ = {isa = PBXFileReference; fileEncoding = 4; lastKnownFileType = sourcecode.c.h; path = InfoHeaderCell.h; sourceTree = "<group>"; };
		D3F6C12B1CC6112900C36C0E /* InfoHeaderCell.m */ = {isa = PBXFileReference; fileEncoding = 4; lastKnownFileType = sourcecode.c.objc; path = InfoHeaderCell.m; sourceTree = "<group>"; };
		D3F6C12D1CC6127100C36C0E /* UIView+extension.h */ = {isa = PBXFileReference; fileEncoding = 4; lastKnownFileType = sourcecode.c.h; path = "UIView+extension.h"; sourceTree = "<group>"; };
		D3F6C12E1CC6127100C36C0E /* UIView+extension.m */ = {isa = PBXFileReference; fileEncoding = 4; lastKnownFileType = sourcecode.c.objc; path = "UIView+extension.m"; sourceTree = "<group>"; };
		D3F6C1301CC7271E00C36C0E /* SXInteractiveTransition.h */ = {isa = PBXFileReference; fileEncoding = 4; lastKnownFileType = sourcecode.c.h; path = SXInteractiveTransition.h; sourceTree = "<group>"; };
		D3F6C1311CC7271E00C36C0E /* SXInteractiveTransition.m */ = {isa = PBXFileReference; fileEncoding = 4; lastKnownFileType = sourcecode.c.objc; path = SXInteractiveTransition.m; sourceTree = "<group>"; };
		D3FE79CC1CC0C413004A3663 /* RoadViewController.h */ = {isa = PBXFileReference; fileEncoding = 4; lastKnownFileType = sourcecode.c.h; path = RoadViewController.h; sourceTree = "<group>"; };
		D3FE79CD1CC0C413004A3663 /* RoadViewController.m */ = {isa = PBXFileReference; fileEncoding = 4; lastKnownFileType = sourcecode.c.objc; path = RoadViewController.m; sourceTree = "<group>"; };
		D3FE79CF1CC0C6E2004A3663 /* UIView+Addition.h */ = {isa = PBXFileReference; fileEncoding = 4; lastKnownFileType = sourcecode.c.h; path = "UIView+Addition.h"; sourceTree = "<group>"; };
		D3FE79D01CC0C6E2004A3663 /* UIView+Addition.m */ = {isa = PBXFileReference; fileEncoding = 4; lastKnownFileType = sourcecode.c.objc; path = "UIView+Addition.m"; sourceTree = "<group>"; };
		D3FF9DB31CB4E07C005C6A45 /* SuiXing.pch */ = {isa = PBXFileReference; lastKnownFileType = sourcecode.c.h; path = SuiXing.pch; sourceTree = "<group>"; };
		D3FF9DB61CB4E281005C6A45 /* tab_baoxiang_selected@2x.png */ = {isa = PBXFileReference; lastKnownFileType = image.png; path = "tab_baoxiang_selected@2x.png"; sourceTree = "<group>"; };
		D3FF9DB71CB4E281005C6A45 /* tab_baoxiang_selected@3x.png */ = {isa = PBXFileReference; lastKnownFileType = image.png; path = "tab_baoxiang_selected@3x.png"; sourceTree = "<group>"; };
		D3FF9DB81CB4E281005C6A45 /* tab_baoxiang_unselected@2x.png */ = {isa = PBXFileReference; lastKnownFileType = image.png; path = "tab_baoxiang_unselected@2x.png"; sourceTree = "<group>"; };
		D3FF9DB91CB4E281005C6A45 /* tab_baoxiang_unselected@3x.png */ = {isa = PBXFileReference; lastKnownFileType = image.png; path = "tab_baoxiang_unselected@3x.png"; sourceTree = "<group>"; };
		D3FF9DBA1CB4E281005C6A45 /* tab_home_selected@2x.png */ = {isa = PBXFileReference; lastKnownFileType = image.png; path = "tab_home_selected@2x.png"; sourceTree = "<group>"; };
		D3FF9DBB1CB4E281005C6A45 /* tab_home_selected@3x.png */ = {isa = PBXFileReference; lastKnownFileType = image.png; path = "tab_home_selected@3x.png"; sourceTree = "<group>"; };
		D3FF9DBC1CB4E281005C6A45 /* tab_home_unselected@2x.png */ = {isa = PBXFileReference; lastKnownFileType = image.png; path = "tab_home_unselected@2x.png"; sourceTree = "<group>"; };
		D3FF9DBD1CB4E281005C6A45 /* tab_home_unselected@3x.png */ = {isa = PBXFileReference; lastKnownFileType = image.png; path = "tab_home_unselected@3x.png"; sourceTree = "<group>"; };
		D3FF9DBE1CB4E281005C6A45 /* tab_money_selectd@3x.png */ = {isa = PBXFileReference; lastKnownFileType = image.png; path = "tab_money_selectd@3x.png"; sourceTree = "<group>"; };
		D3FF9DBF1CB4E281005C6A45 /* tab_money_selected@2x.png */ = {isa = PBXFileReference; lastKnownFileType = image.png; path = "tab_money_selected@2x.png"; sourceTree = "<group>"; };
		D3FF9DC01CB4E281005C6A45 /* tab_money_unselected@2x.png */ = {isa = PBXFileReference; lastKnownFileType = image.png; path = "tab_money_unselected@2x.png"; sourceTree = "<group>"; };
		D3FF9DC11CB4E281005C6A45 /* tab_money_unselected@3x.png */ = {isa = PBXFileReference; lastKnownFileType = image.png; path = "tab_money_unselected@3x.png"; sourceTree = "<group>"; };
		D3FF9DC21CB4E281005C6A45 /* tab_person_selected@2x.png */ = {isa = PBXFileReference; lastKnownFileType = image.png; path = "tab_person_selected@2x.png"; sourceTree = "<group>"; };
		D3FF9DC31CB4E281005C6A45 /* tab_person_selected@3x.png */ = {isa = PBXFileReference; lastKnownFileType = image.png; path = "tab_person_selected@3x.png"; sourceTree = "<group>"; };
		D3FF9DC41CB4E281005C6A45 /* tab_person_unselected@2x.png */ = {isa = PBXFileReference; lastKnownFileType = image.png; path = "tab_person_unselected@2x.png"; sourceTree = "<group>"; };
		D3FF9DC51CB4E281005C6A45 /* tab_person_unselected@3x.png */ = {isa = PBXFileReference; lastKnownFileType = image.png; path = "tab_person_unselected@3x.png"; sourceTree = "<group>"; };
		D3FF9DDC1CB4E5A5005C6A45 /* SXViewControllerInteceptor.h */ = {isa = PBXFileReference; fileEncoding = 4; lastKnownFileType = sourcecode.c.h; path = SXViewControllerInteceptor.h; sourceTree = "<group>"; };
		D3FF9DDD1CB4E5A5005C6A45 /* SXViewControllerInteceptor.m */ = {isa = PBXFileReference; fileEncoding = 4; lastKnownFileType = sourcecode.c.objc; path = SXViewControllerInteceptor.m; sourceTree = "<group>"; };
/* End PBXFileReference section */

/* Begin PBXFrameworksBuildPhase section */
		2FE857F01C9657A6007E9B04 /* Frameworks */ = {
			isa = PBXFrameworksBuildPhase;
			buildActionMask = 2147483647;
			files = (
				D3850A171CCDFB360046326B /* libsqlite3.tbd in Frameworks */,
				D3850A151CCDFB260046326B /* libicucore.tbd in Frameworks */,
				D3850A131CCDFB090046326B /* libz.1.2.5.tbd in Frameworks */,
				D3850A111CCDFAF50046326B /* SystemConfiguration.framework in Frameworks */,
				D3850A0F1CCDFAEB0046326B /* CoreTelephony.framework in Frameworks */,
				D3850A0D1CCDFAE00046326B /* CFNetwork.framework in Frameworks */,
				D3850A0B1CCDFAD60046326B /* MobileCoreServices.framework in Frameworks */,
				D3850A091CCDFACB0046326B /* CoreGraphics.framework in Frameworks */,
				D3850A071CCDFAC10046326B /* Security.framework in Frameworks */,
				D3850A051CCDFAB60046326B /* CoreLocation.framework in Frameworks */,
				3CBC081088E6A3B0FA4E02F1 /* libPods.a in Frameworks */,
			);
			runOnlyForDeploymentPostprocessing = 0;
		};
		2FE858091C9657A6007E9B04 /* Frameworks */ = {
			isa = PBXFrameworksBuildPhase;
			buildActionMask = 2147483647;
			files = (
			);
			runOnlyForDeploymentPostprocessing = 0;
		};
		2FE858141C9657A6007E9B04 /* Frameworks */ = {
			isa = PBXFrameworksBuildPhase;
			buildActionMask = 2147483647;
			files = (
			);
			runOnlyForDeploymentPostprocessing = 0;
		};
/* End PBXFrameworksBuildPhase section */

/* Begin PBXGroup section */
		0AE682C11CD211D800C2B3DA /* CYLTabBarController */ = {
			isa = PBXGroup;
			children = (
				0AE682C21CD211FF00C2B3DA /* CYLTabBarController.h */,
				0AE682C31CD211FF00C2B3DA /* CYLTabBarController.m */,
				0AE682C41CD211FF00C2B3DA /* CYLTabBar.h */,
				0AE682C51CD211FF00C2B3DA /* CYLTabBar.m */,
				0AE682C61CD211FF00C2B3DA /* CYLPlusButton.h */,
				0AE682C71CD211FF00C2B3DA /* CYLPlusButton.m */,
				0AE682C81CD211FF00C2B3DA /* UIViewController+CYLJumpToOtherTabBarControllerItem.h */,
				0AE682C91CD211FF00C2B3DA /* UIViewController+CYLJumpToOtherTabBarControllerItem.m */,
			);
			name = CYLTabBarController;
			sourceTree = "<group>";
		};
		2FE857EA1C9657A6007E9B04 = {
			isa = PBXGroup;
			children = (
				2FE857F51C9657A6007E9B04 /* SuiXing */,
				2FE8580F1C9657A6007E9B04 /* SuiXingTests */,
				2FE8581A1C9657A6007E9B04 /* SuiXingUITests */,
				2FE857F41C9657A6007E9B04 /* Products */,
				8B457A2F4E1FBEA1B2F5FEF6 /* Pods */,
				CB2DD8CA3839BD529D9995E4 /* Frameworks */,
			);
			sourceTree = "<group>";
		};
		2FE857F41C9657A6007E9B04 /* Products */ = {
			isa = PBXGroup;
			children = (
				2FE857F31C9657A6007E9B04 /* SuiXing.app */,
				2FE8580C1C9657A6007E9B04 /* SuiXingTests.xctest */,
				2FE858171C9657A6007E9B04 /* SuiXingUITests.xctest */,
			);
			name = Products;
			sourceTree = "<group>";
		};
		2FE857F51C9657A6007E9B04 /* SuiXing */ = {
			isa = PBXGroup;
			children = (
				D35332F41CBDF09C001E326D /* Libs */,
				D3FF9DD71CB4E463005C6A45 /* Util */,
				D3FF9DD61CB4E454005C6A45 /* Helper */,
				2FE8582C1C965864007E9B04 /* 个人中心 */,
				2FE8582B1C965860007E9B04 /* 动态 */,
				2FE8582A1C96583F007E9B04 /* 资讯 */,
				2FE858291C9657AE007E9B04 /* 首页 */,
				D3850A181CCE04A80046326B /* 登录注册 */,
				2FE858341C96595D007E9B04 /* Root */,
				2FE858301C96588F007E9B04 /* AppDelegate */,
				2FE858021C9657A6007E9B04 /* Assets.xcassets */,
				2FE858041C9657A6007E9B04 /* LaunchScreen.storyboard */,
				2FE858071C9657A6007E9B04 /* Info.plist */,
				2FE857F61C9657A6007E9B04 /* Supporting Files */,
			);
			path = SuiXing;
			sourceTree = "<group>";
		};
		2FE857F61C9657A6007E9B04 /* Supporting Files */ = {
			isa = PBXGroup;
			children = (
				0AE682AF1CD20FDE00C2B3DA /* tapbar_top_line@2x.png */,
				0AE682AD1CD20F0B00C2B3DA /* post_normal@2x.png */,
				0AE682A91CD20CCB00C2B3DA /* hood-selected@2x.png */,
				0AE682AA1CD20CCB00C2B3DA /* hood@2x.png */,
				D3FF9DB41CB4E278005C6A45 /* Images */,
				2FE857F71C9657A6007E9B04 /* main.m */,
			);
			name = "Supporting Files";
			sourceTree = "<group>";
		};
		2FE8580F1C9657A6007E9B04 /* SuiXingTests */ = {
			isa = PBXGroup;
			children = (
				2FE858101C9657A6007E9B04 /* SuiXingTests.m */,
				2FE858121C9657A6007E9B04 /* Info.plist */,
			);
			path = SuiXingTests;
			sourceTree = "<group>";
		};
		2FE8581A1C9657A6007E9B04 /* SuiXingUITests */ = {
			isa = PBXGroup;
			children = (
				2FE8581B1C9657A6007E9B04 /* SuiXingUITests.m */,
				2FE8581D1C9657A6007E9B04 /* Info.plist */,
			);
			path = SuiXingUITests;
			sourceTree = "<group>";
		};
		2FE858291C9657AE007E9B04 /* 首页 */ = {
			isa = PBXGroup;
			children = (
				2FE8582E1C965875007E9B04 /* Models */,
				2FE8582F1C96587C007E9B04 /* Views */,
				2FE8582D1C96586E007E9B04 /* Controller */,
			);
			name = "首页";
			sourceTree = "<group>";
		};
		2FE8582A1C96583F007E9B04 /* 资讯 */ = {
			isa = PBXGroup;
			children = (
				D3F6C1291CC60F7800C36C0E /* Models */,
				D3F6C1281CC60F7200C36C0E /* Views */,
				D3F6C1271CC60F6800C36C0E /* Controller */,
			);
			name = "资讯";
			sourceTree = "<group>";
		};
		2FE8582B1C965860007E9B04 /* 动态 */ = {
			isa = PBXGroup;
			children = (
				2FE8583E1C965D18007E9B04 /* DynamicViewController.h */,
				2FE8583F1C965D18007E9B04 /* DynamicViewController.m */,
			);
			name = "动态";
			sourceTree = "<group>";
		};
		2FE8582C1C965864007E9B04 /* 个人中心 */ = {
			isa = PBXGroup;
			children = (
				2FE858441C965DB1007E9B04 /* MineViewController.h */,
				2FE858451C965DB1007E9B04 /* MineViewController.m */,
			);
			name = "个人中心";
			sourceTree = "<group>";
		};
		2FE8582D1C96586E007E9B04 /* Controller */ = {
			isa = PBXGroup;
			children = (
				D33147941CC7631000906A60 /* 选择路线 */,
				2FE858311C965954007E9B04 /* IndexViewController.h */,
				2FE858321C965954007E9B04 /* IndexViewController.m */,
				D3F6023B1CC9FB5500580CBC /* MoreNewRoadViewController.h */,
				D3F6023C1CC9FB5500580CBC /* MoreNewRoadViewController.m */,
				D3F6023E1CC9FB6400580CBC /* TopicRoadViewController.h */,
				D3F6023F1CC9FB6400580CBC /* TopicRoadViewController.m */,
			);
			name = Controller;
			sourceTree = "<group>";
		};
		2FE8582E1C965875007E9B04 /* Models */ = {
			isa = PBXGroup;
			children = (
				D35333051CBE268F001E326D /* SXScrollModel.h */,
				D35333061CBE268F001E326D /* SXScrollModel.m */,
				D353332A1CBF46C4001E326D /* NewRoadModel.h */,
				D353332B1CBF46C4001E326D /* NewRoadModel.m */,
			);
			name = Models;
			sourceTree = "<group>";
		};
		2FE8582F1C96587C007E9B04 /* Views */ = {
			isa = PBXGroup;
			children = (
				D331479B1CC7675300906A60 /* indexCell */,
			);
			name = Views;
			sourceTree = "<group>";
		};
		2FE858301C96588F007E9B04 /* AppDelegate */ = {
			isa = PBXGroup;
			children = (
				2FE857F91C9657A6007E9B04 /* AppDelegate.h */,
				2FE857FA1C9657A6007E9B04 /* AppDelegate.m */,
				2FE857FC1C9657A6007E9B04 /* ViewController.h */,
				2FE857FD1C9657A6007E9B04 /* ViewController.m */,
				D3FF9DB31CB4E07C005C6A45 /* SuiXing.pch */,
				2FE857FF1C9657A6007E9B04 /* Main.storyboard */,
			);
			name = AppDelegate;
			sourceTree = "<group>";
		};
		2FE858341C96595D007E9B04 /* Root */ = {
			isa = PBXGroup;
			children = (
				0AE682A31CD201FD00C2B3DA /* SXTabBarController.h */,
				0AE682A41CD201FD00C2B3DA /* SXTabBarController.m */,
				0AE682A61CD2079B00C2B3DA /* SXPlusButtonSubclass.h */,
				0AE682A71CD2079B00C2B3DA /* SXPlusButtonSubclass.m */,
				D3FF9DDC1CB4E5A5005C6A45 /* SXViewControllerInteceptor.h */,
				D3FF9DDD1CB4E5A5005C6A45 /* SXViewControllerInteceptor.m */,
				D3F6C1301CC7271E00C36C0E /* SXInteractiveTransition.h */,
				D3F6C1311CC7271E00C36C0E /* SXInteractiveTransition.m */,
			);
			name = Root;
			sourceTree = "<group>";
		};
		8B457A2F4E1FBEA1B2F5FEF6 /* Pods */ = {
			isa = PBXGroup;
			children = (
				454569A56B85BBC909430E76 /* Pods.debug.xcconfig */,
				628B4458F8B8C21880C87F1E /* Pods.release.xcconfig */,
			);
			name = Pods;
			sourceTree = "<group>";
		};
		CB2DD8CA3839BD529D9995E4 /* Frameworks */ = {
			isa = PBXGroup;
			children = (
				D3850A161CCDFB360046326B /* libsqlite3.tbd */,
				D3850A141CCDFB260046326B /* libicucore.tbd */,
				D3850A121CCDFB090046326B /* libz.1.2.5.tbd */,
				D3850A101CCDFAF50046326B /* SystemConfiguration.framework */,
				D3850A0E1CCDFAEB0046326B /* CoreTelephony.framework */,
				D3850A0C1CCDFAE00046326B /* CFNetwork.framework */,
				D3850A0A1CCDFAD60046326B /* MobileCoreServices.framework */,
				D3850A081CCDFACB0046326B /* CoreGraphics.framework */,
				D3850A061CCDFAC10046326B /* Security.framework */,
				D3850A041CCDFAB60046326B /* CoreLocation.framework */,
				B87EF9D32BBD87383EE5F799 /* libPods.a */,
			);
			name = Frameworks;
			sourceTree = "<group>";
		};
		D33147941CC7631000906A60 /* 选择路线 */ = {
			isa = PBXGroup;
			children = (
				D3F14E0E1CC8A96A001D39C8 /* Model */,
				D3F14E0D1CC8A961001D39C8 /* View */,
				D3FE79CC1CC0C413004A3663 /* RoadViewController.h */,
				D3FE79CD1CC0C413004A3663 /* RoadViewController.m */,
				D3F14E151CC8BB4F001D39C8 /* CommitOrderViewController.h */,
				D3F14E161CC8BB4F001D39C8 /* CommitOrderViewController.m */,
				D3F14E0F1CC8A99E001D39C8 /* SetRoadViewController.h */,
				D3F14E101CC8A99E001D39C8 /* SetRoadViewController.m */,
				D3F14E1E1CC8BD88001D39C8 /* SelectHotelViewController.h */,
				D3F14E1F1CC8BD88001D39C8 /* SelectHotelViewController.m */,
			);
			name = "选择路线";
			sourceTree = "<group>";
		};
		D331479B1CC7675300906A60 /* indexCell */ = {
			isa = PBXGroup;
			children = (
				D35332F11CBDEF93001E326D /* SXScrollCell.h */,
				D35332F21CBDEF93001E326D /* SXScrollCell.m */,
				D35333271CBF4137001E326D /* SXIndexHeaderView.h */,
				D35333281CBF4137001E326D /* SXIndexHeaderView.m */,
				D35333211CBE5A7A001E326D /* NewRoadCell.h */,
				D35333221CBE5A7A001E326D /* NewRoadCell.m */,
				D35333241CBE5A8B001E326D /* TopicRoadCell.h */,
				D35333251CBE5A8B001E326D /* TopicRoadCell.m */,
			);
			name = indexCell;
			sourceTree = "<group>";
		};
		D35332F41CBDF09C001E326D /* Libs */ = {
			isa = PBXGroup;
			children = (
				0AE682C11CD211D800C2B3DA /* CYLTabBarController */,
				D35333011CBE14AD001E326D /* SXScrollView */,
				D35332F51CBDF0AA001E326D /* AdScrollerView */,
			);
			name = Libs;
			sourceTree = "<group>";
		};
		D35332F51CBDF0AA001E326D /* AdScrollerView */ = {
			isa = PBXGroup;
			children = (
				D35332F61CBDF0AA001E326D /* AdDataModel.h */,
				D35332F71CBDF0AA001E326D /* AdDataModel.m */,
				D35332F81CBDF0AA001E326D /* AdDataPlist.plist */,
				D35332F91CBDF0AA001E326D /* AdScrollView.h */,
				D35332FA1CBDF0AA001E326D /* AdScrollView.m */,
			);
			path = AdScrollerView;
			sourceTree = "<group>";
		};
		D35333011CBE14AD001E326D /* SXScrollView */ = {
			isa = PBXGroup;
			children = (
				D35333021CBE14C2001E326D /* SXScrollView.h */,
				D35333031CBE14C2001E326D /* SXScrollView.m */,
				D353331E1CBE4514001E326D /* SXPageControl.h */,
				D353331F1CBE4514001E326D /* SXPageControl.m */,
			);
			name = SXScrollView;
			sourceTree = "<group>";
		};
		D35333081CBE2B35001E326D /* ScrollViewImage */ = {
			isa = PBXGroup;
			children = (
				D35333091CBE2B35001E326D /* 1.jpg */,
				D353330A1CBE2B35001E326D /* 2.jpg */,
				D353330B1CBE2B35001E326D /* 3.jpg */,
				D353330C1CBE2B35001E326D /* 4.jpg */,
				D353330D1CBE2B35001E326D /* 5.jpg */,
				D353330E1CBE2B35001E326D /* 6.jpg */,
				D353330F1CBE2B35001E326D /* 7.jpg */,
				D35333101CBE2B35001E326D /* 8.jpg */,
				D35333111CBE2B35001E326D /* 9.jpg */,
			);
			path = ScrollViewImage;
			sourceTree = "<group>";
		};
		D38509F71CCDEDB70046326B /* NSFoundation */ = {
			isa = PBXGroup;
			children = (
				D38509F91CCDEE100046326B /* NSObject+common.h */,
				D38509FA1CCDEE100046326B /* NSObject+common.m */,
				D353331B1CBE3897001E326D /* NSTimer+Addition.h */,
				D353331C1CBE3897001E326D /* NSTimer+Addition.m */,
			);
			name = NSFoundation;
			sourceTree = "<group>";
		};
		D38509F81CCDEDBE0046326B /* UIKit */ = {
			isa = PBXGroup;
			children = (
				D3F6C12D1CC6127100C36C0E /* UIView+extension.h */,
				D3F6C12E1CC6127100C36C0E /* UIView+extension.m */,
				D3FE79CF1CC0C6E2004A3663 /* UIView+Addition.h */,
				D3FE79D01CC0C6E2004A3663 /* UIView+Addition.m */,
			);
			name = UIKit;
			sourceTree = "<group>";
		};
		D3850A181CCE04A80046326B /* 登录注册 */ = {
			isa = PBXGroup;
			children = (
				D3850A191CCE0B250046326B /* LoginViewController.h */,
				D3850A1A1CCE0B250046326B /* LoginViewController.m */,
				D3F4CDF21CCF47A70071C586 /* LoginView.h */,
				D3F4CDF31CCF47A70071C586 /* LoginView.m */,
				D3F4CDFE1CCF5C580071C586 /* SXTextField.h */,
				D3F4CDFF1CCF5C580071C586 /* SXTextField.m */,
			);
			name = "登录注册";
			sourceTree = "<group>";
		};
		D3850A1C1CCE0DB50046326B /* guideImage */ = {
			isa = PBXGroup;
			children = (
				D3850A1D1CCE0DC50046326B /* desk3.jpg */,
				D3850A1E1CCE0DC50046326B /* desk1.jpeg */,
				D3850A1F1CCE0DC50046326B /* desk4.jpg */,
				D3850A201CCE0DC50046326B /* desk2.jpg */,
			);
			name = guideImage;
			sourceTree = "<group>";
		};
		D3F14E0D1CC8A961001D39C8 /* View */ = {
			isa = PBXGroup;
			children = (
				D3F14E311CC8D748001D39C8 /* PickerView */,
				D30B4E061CC779D5008D97C1 /* RoadFooterView.h */,
				D30B4E071CC779D5008D97C1 /* RoadFooterView.m */,
				D33147951CC7669600906A60 /* PersonCell.h */,
				D33147961CC7669600906A60 /* PersonCell.m */,
				D33147981CC766DA00906A60 /* RoadCell.h */,
				D33147991CC766DA00906A60 /* RoadCell.m */,
				D3F14E121CC8AE90001D39C8 /* SetRoadCell.h */,
				D3F14E131CC8AE90001D39C8 /* SetRoadCell.m */,
				D3F602151CC9C19F00580CBC /* HotelCell.h */,
				D3F602161CC9C19F00580CBC /* HotelCell.m */,
				D3F602181CC9C38000580CBC /* HotelCell.xib */,
			);
			name = View;
			sourceTree = "<group>";
		};
		D3F14E0E1CC8A96A001D39C8 /* Model */ = {
			isa = PBXGroup;
			children = (
				D30B4E091CC77D62008D97C1 /* RoadModel.h */,
				D30B4E0A1CC77D62008D97C1 /* RoadModel.m */,
				D3F602331CC9C80700580CBC /* hotelModel.h */,
				D3F602341CC9C80700580CBC /* hotelModel.m */,
			);
			name = Model;
			sourceTree = "<group>";
		};
		D3F14E311CC8D748001D39C8 /* PickerView */ = {
			isa = PBXGroup;
			children = (
				D3F14E3D1CC8DB47001D39C8 /* PickerView */,
			);
			name = PickerView;
			sourceTree = "<group>";
		};
		D3F14E3D1CC8DB47001D39C8 /* PickerView */ = {
			isa = PBXGroup;
			children = (
				D3F14E411CC8DEED001D39C8 /* city.plist */,
				D3F14E3E1CC8DE07001D39C8 /* ZHPickView.h */,
				D3F14E3F1CC8DE07001D39C8 /* ZHPickView.m */,
			);
			name = PickerView;
			sourceTree = "<group>";
		};
		D3F4CDF51CCF4FD20071C586 /* Login */ = {
			isa = PBXGroup;
			children = (
				D3F4CDF61CCF4FEA0071C586 /* username@2x.png */,
				D3F4CDF71CCF4FEA0071C586 /* username@3x.png */,
				D3F4CDF81CCF4FEA0071C586 /* password@2x.png */,
				D3F4CDF91CCF4FEA0071C586 /* password@3x.png */,
			);
			name = Login;
			sourceTree = "<group>";
		};
		D3F6021A1CC9C51B00580CBC /* hotel */ = {
			isa = PBXGroup;
			children = (
				D3F6021B1CC9C52500580CBC /* hotel1.JPG */,
				D3F6021C1CC9C52500580CBC /* hotel2.JPG */,
				D3F6021D1CC9C52500580CBC /* hotel3.JPG */,
				D3F6021E1CC9C52500580CBC /* hotel4.JPG */,
				D3F6021F1CC9C52500580CBC /* hotel5.JPG */,
				D3F602201CC9C52500580CBC /* hotel6.JPG */,
				D3F602211CC9C52500580CBC /* hotel7.JPG */,
				D3F602221CC9C52500580CBC /* hotel8.JPG */,
				D3F602231CC9C52500580CBC /* hotel9.JPG */,
				D3F602241CC9C52500580CBC /* hotel10.JPG */,
				D3F602251CC9C52500580CBC /* hotel11.JPG */,
				D3F602261CC9C52500580CBC /* hotel12.JPG */,
			);
			name = hotel;
			sourceTree = "<group>";
		};
		D3F602361CC9F26D00580CBC /* SettingManager */ = {
			isa = PBXGroup;
			children = (
				D3F602371CC9F27700580CBC /* SettingDefine.h */,
				D3F602381CC9F27700580CBC /* SettingManager.h */,
				D3F602391CC9F27700580CBC /* SettingManager.m */,
			);
			name = SettingManager;
			sourceTree = "<group>";
		};
		D3F6C1271CC60F6800C36C0E /* Controller */ = {
			isa = PBXGroup;
			children = (
				2FE858411C965D28007E9B04 /* InformationViewController.h */,
				2FE858421C965D28007E9B04 /* InformationViewController.m */,
			);
			name = Controller;
			sourceTree = "<group>";
		};
		D3F6C1281CC60F7200C36C0E /* Views */ = {
			isa = PBXGroup;
			children = (
				D3F6C12A1CC6112900C36C0E /* InfoHeaderCell.h */,
				D3F6C12B1CC6112900C36C0E /* InfoHeaderCell.m */,
			);
			name = Views;
			sourceTree = "<group>";
		};
		D3F6C1291CC60F7800C36C0E /* Models */ = {
			isa = PBXGroup;
			children = (
			);
			name = Models;
			sourceTree = "<group>";
		};
		D3FF9DB41CB4E278005C6A45 /* Images */ = {
			isa = PBXGroup;
			children = (
				D3F4CDF51CCF4FD20071C586 /* Login */,
				D3850A1C1CCE0DB50046326B /* guideImage */,
				D3F6021A1CC9C51B00580CBC /* hotel */,
				D35333081CBE2B35001E326D /* ScrollViewImage */,
				D3FF9DB51CB4E278005C6A45 /* TabIcon */,
			);
			path = Images;
			sourceTree = "<group>";
		};
		D3FF9DB51CB4E278005C6A45 /* TabIcon */ = {
			isa = PBXGroup;
			children = (
				D3FF9DB61CB4E281005C6A45 /* tab_baoxiang_selected@2x.png */,
				D3FF9DB71CB4E281005C6A45 /* tab_baoxiang_selected@3x.png */,
				D3FF9DB81CB4E281005C6A45 /* tab_baoxiang_unselected@2x.png */,
				D3FF9DB91CB4E281005C6A45 /* tab_baoxiang_unselected@3x.png */,
				D3FF9DBA1CB4E281005C6A45 /* tab_home_selected@2x.png */,
				D3FF9DBB1CB4E281005C6A45 /* tab_home_selected@3x.png */,
				D3FF9DBC1CB4E281005C6A45 /* tab_home_unselected@2x.png */,
				D3FF9DBD1CB4E281005C6A45 /* tab_home_unselected@3x.png */,
				D3FF9DBE1CB4E281005C6A45 /* tab_money_selectd@3x.png */,
				D3FF9DBF1CB4E281005C6A45 /* tab_money_selected@2x.png */,
				D3FF9DC01CB4E281005C6A45 /* tab_money_unselected@2x.png */,
				D3FF9DC11CB4E281005C6A45 /* tab_money_unselected@3x.png */,
				D3FF9DC21CB4E281005C6A45 /* tab_person_selected@2x.png */,
				D3FF9DC31CB4E281005C6A45 /* tab_person_selected@3x.png */,
				D3FF9DC41CB4E281005C6A45 /* tab_person_unselected@2x.png */,
				D3FF9DC51CB4E281005C6A45 /* tab_person_unselected@3x.png */,
			);
			path = TabIcon;
			sourceTree = "<group>";
		};
		D3FF9DD61CB4E454005C6A45 /* Helper */ = {
			isa = PBXGroup;
			children = (
				D3FF9DDB1CB4E47B005C6A45 /* SXFactory */,
				D3FF9DDA1CB4E479005C6A45 /* SXCategory */,
			);
			name = Helper;
			sourceTree = "<group>";
		};
		D3FF9DD71CB4E463005C6A45 /* Util */ = {
			isa = PBXGroup;
			children = (
				D3F602361CC9F26D00580CBC /* SettingManager */,
				D3FF9DD91CB4E478005C6A45 /* SXRecording */,
				D3FF9DD81CB4E475005C6A45 /* SXNetworking */,
			);
			name = Util;
			sourceTree = "<group>";
		};
		D3FF9DD81CB4E475005C6A45 /* SXNetworking */ = {
			isa = PBXGroup;
			children = (
				D38509FF1CCDEE630046326B /* MF_ApiConfig.h */,
				D38509F11CCDED9F0046326B /* MF_NetAPIClient.h */,
				D38509F21CCDED9F0046326B /* MF_NetAPIClient.m */,
				D38509F31CCDED9F0046326B /* MF_NetAPIManager.h */,
				D38509F41CCDED9F0046326B /* MF_NetAPIManager.m */,
			);
			name = SXNetworking;
			sourceTree = "<group>";
		};
		D3FF9DD91CB4E478005C6A45 /* SXRecording */ = {
			isa = PBXGroup;
			children = (
			);
			name = SXRecording;
			sourceTree = "<group>";
		};
		D3FF9DDA1CB4E479005C6A45 /* SXCategory */ = {
			isa = PBXGroup;
			children = (
				D38509F81CCDEDBE0046326B /* UIKit */,
				D38509F71CCDEDB70046326B /* NSFoundation */,
			);
			name = SXCategory;
			sourceTree = "<group>";
		};
		D3FF9DDB1CB4E47B005C6A45 /* SXFactory */ = {
			isa = PBXGroup;
			children = (
			);
			name = SXFactory;
			sourceTree = "<group>";
		};
/* End PBXGroup section */

/* Begin PBXNativeTarget section */
		2FE857F21C9657A6007E9B04 /* SuiXing */ = {
			isa = PBXNativeTarget;
			buildConfigurationList = 2FE858201C9657A6007E9B04 /* Build configuration list for PBXNativeTarget "SuiXing" */;
			buildPhases = (
				123966E6EB4E7CD82FCAFF06 /* Check Pods Manifest.lock */,
				2FE857EF1C9657A6007E9B04 /* Sources */,
				2FE857F01C9657A6007E9B04 /* Frameworks */,
				2FE857F11C9657A6007E9B04 /* Resources */,
				872D1AE95E1A69FA83BBA8FF /* Copy Pods Resources */,
			);
			buildRules = (
			);
			dependencies = (
			);
			name = SuiXing;
			productName = SuiXing;
			productReference = 2FE857F31C9657A6007E9B04 /* SuiXing.app */;
			productType = "com.apple.product-type.application";
		};
		2FE8580B1C9657A6007E9B04 /* SuiXingTests */ = {
			isa = PBXNativeTarget;
			buildConfigurationList = 2FE858231C9657A6007E9B04 /* Build configuration list for PBXNativeTarget "SuiXingTests" */;
			buildPhases = (
				2FE858081C9657A6007E9B04 /* Sources */,
				2FE858091C9657A6007E9B04 /* Frameworks */,
				2FE8580A1C9657A6007E9B04 /* Resources */,
			);
			buildRules = (
			);
			dependencies = (
				2FE8580E1C9657A6007E9B04 /* PBXTargetDependency */,
			);
			name = SuiXingTests;
			productName = SuiXingTests;
			productReference = 2FE8580C1C9657A6007E9B04 /* SuiXingTests.xctest */;
			productType = "com.apple.product-type.bundle.unit-test";
		};
		2FE858161C9657A6007E9B04 /* SuiXingUITests */ = {
			isa = PBXNativeTarget;
			buildConfigurationList = 2FE858261C9657A6007E9B04 /* Build configuration list for PBXNativeTarget "SuiXingUITests" */;
			buildPhases = (
				2FE858131C9657A6007E9B04 /* Sources */,
				2FE858141C9657A6007E9B04 /* Frameworks */,
				2FE858151C9657A6007E9B04 /* Resources */,
			);
			buildRules = (
			);
			dependencies = (
				2FE858191C9657A6007E9B04 /* PBXTargetDependency */,
			);
			name = SuiXingUITests;
			productName = SuiXingUITests;
			productReference = 2FE858171C9657A6007E9B04 /* SuiXingUITests.xctest */;
			productType = "com.apple.product-type.bundle.ui-testing";
		};
/* End PBXNativeTarget section */

/* Begin PBXProject section */
		2FE857EB1C9657A6007E9B04 /* Project object */ = {
			isa = PBXProject;
			attributes = {
				LastUpgradeCheck = 0720;
				ORGANIZATIONNAME = yang;
				TargetAttributes = {
					2FE857F21C9657A6007E9B04 = {
						CreatedOnToolsVersion = 7.2.1;
						DevelopmentTeam = 3NQR38UJVN;
					};
					2FE8580B1C9657A6007E9B04 = {
						CreatedOnToolsVersion = 7.2.1;
						TestTargetID = 2FE857F21C9657A6007E9B04;
					};
					2FE858161C9657A6007E9B04 = {
						CreatedOnToolsVersion = 7.2.1;
						TestTargetID = 2FE857F21C9657A6007E9B04;
					};
				};
			};
			buildConfigurationList = 2FE857EE1C9657A6007E9B04 /* Build configuration list for PBXProject "SuiXing" */;
			compatibilityVersion = "Xcode 3.2";
			developmentRegion = English;
			hasScannedForEncodings = 0;
			knownRegions = (
				en,
				Base,
			);
			mainGroup = 2FE857EA1C9657A6007E9B04;
			productRefGroup = 2FE857F41C9657A6007E9B04 /* Products */;
			projectDirPath = "";
			projectRoot = "";
			targets = (
				2FE857F21C9657A6007E9B04 /* SuiXing */,
				2FE8580B1C9657A6007E9B04 /* SuiXingTests */,
				2FE858161C9657A6007E9B04 /* SuiXingUITests */,
			);
		};
/* End PBXProject section */

/* Begin PBXResourcesBuildPhase section */
		2FE857F11C9657A6007E9B04 /* Resources */ = {
			isa = PBXResourcesBuildPhase;
			buildActionMask = 2147483647;
			files = (
				D3F6022C1CC9C52500580CBC /* hotel6.JPG in Resources */,
				D35333151CBE2B35001E326D /* 4.jpg in Resources */,
				D3850A211CCE0DC50046326B /* desk3.jpg in Resources */,
				D3850A231CCE0DC50046326B /* desk4.jpg in Resources */,
				D35333131CBE2B35001E326D /* 2.jpg in Resources */,
				0AE682AC1CD20CCB00C2B3DA /* hood@2x.png in Resources */,
				D3F6022A1CC9C52500580CBC /* hotel4.JPG in Resources */,
				D3F4CDFC1CCF4FEA0071C586 /* password@2x.png in Resources */,
				D3F602281CC9C52500580CBC /* hotel2.JPG in Resources */,
				D35333171CBE2B35001E326D /* 6.jpg in Resources */,
				D3FF9DC61CB4E281005C6A45 /* tab_baoxiang_selected@2x.png in Resources */,
				2FE858061C9657A6007E9B04 /* LaunchScreen.storyboard in Resources */,
				D3FF9DD51CB4E281005C6A45 /* tab_person_unselected@3x.png in Resources */,
				D3FF9DD31CB4E281005C6A45 /* tab_person_selected@3x.png in Resources */,
				D35333141CBE2B35001E326D /* 3.jpg in Resources */,
				D3F602311CC9C52500580CBC /* hotel11.JPG in Resources */,
				0AE682B01CD20FDE00C2B3DA /* tapbar_top_line@2x.png in Resources */,
				D3F6022D1CC9C52500580CBC /* hotel7.JPG in Resources */,
				D3850A241CCE0DC50046326B /* desk2.jpg in Resources */,
				D3FF9DD41CB4E281005C6A45 /* tab_person_unselected@2x.png in Resources */,
				D3FF9DC91CB4E281005C6A45 /* tab_baoxiang_unselected@3x.png in Resources */,
				D35333121CBE2B35001E326D /* 1.jpg in Resources */,
				D3FF9DCB1CB4E281005C6A45 /* tab_home_selected@3x.png in Resources */,
				2FE858031C9657A6007E9B04 /* Assets.xcassets in Resources */,
				D3FF9DCA1CB4E281005C6A45 /* tab_home_selected@2x.png in Resources */,
				D3FF9DCD1CB4E281005C6A45 /* tab_home_unselected@3x.png in Resources */,
				D3F602191CC9C38000580CBC /* HotelCell.xib in Resources */,
				0AE682AB1CD20CCB00C2B3DA /* hood-selected@2x.png in Resources */,
				D35332FC1CBDF0AA001E326D /* AdDataPlist.plist in Resources */,
				D3F4CDFD1CCF4FEA0071C586 /* password@3x.png in Resources */,
				D3FF9DD01CB4E281005C6A45 /* tab_money_unselected@2x.png in Resources */,
				D3FF9DCE1CB4E281005C6A45 /* tab_money_selectd@3x.png in Resources */,
				D3F6022E1CC9C52500580CBC /* hotel8.JPG in Resources */,
				D3F602321CC9C52500580CBC /* hotel12.JPG in Resources */,
				0AE682AE1CD20F0B00C2B3DA /* post_normal@2x.png in Resources */,
				2FE858011C9657A6007E9B04 /* Main.storyboard in Resources */,
				D3F4CDFA1CCF4FEA0071C586 /* username@2x.png in Resources */,
				D3FF9DCF1CB4E281005C6A45 /* tab_money_selected@2x.png in Resources */,
				D3F4CDFB1CCF4FEA0071C586 /* username@3x.png in Resources */,
				D35333191CBE2B35001E326D /* 8.jpg in Resources */,
				D3FF9DD11CB4E281005C6A45 /* tab_money_unselected@3x.png in Resources */,
				D3FF9DD21CB4E281005C6A45 /* tab_person_selected@2x.png in Resources */,
				D3850A221CCE0DC50046326B /* desk1.jpeg in Resources */,
				D3F602291CC9C52500580CBC /* hotel3.JPG in Resources */,
				D35333161CBE2B35001E326D /* 5.jpg in Resources */,
				D3FF9DC71CB4E281005C6A45 /* tab_baoxiang_selected@3x.png in Resources */,
				D3F6022B1CC9C52500580CBC /* hotel5.JPG in Resources */,
				D35333181CBE2B35001E326D /* 7.jpg in Resources */,
				D353331A1CBE2B35001E326D /* 9.jpg in Resources */,
				D3F14E421CC8DEED001D39C8 /* city.plist in Resources */,
				D3F602301CC9C52500580CBC /* hotel10.JPG in Resources */,
				D3F602271CC9C52500580CBC /* hotel1.JPG in Resources */,
				D3F6022F1CC9C52500580CBC /* hotel9.JPG in Resources */,
				D3FF9DC81CB4E281005C6A45 /* tab_baoxiang_unselected@2x.png in Resources */,
				D3FF9DCC1CB4E281005C6A45 /* tab_home_unselected@2x.png in Resources */,
			);
			runOnlyForDeploymentPostprocessing = 0;
		};
		2FE8580A1C9657A6007E9B04 /* Resources */ = {
			isa = PBXResourcesBuildPhase;
			buildActionMask = 2147483647;
			files = (
			);
			runOnlyForDeploymentPostprocessing = 0;
		};
		2FE858151C9657A6007E9B04 /* Resources */ = {
			isa = PBXResourcesBuildPhase;
			buildActionMask = 2147483647;
			files = (
			);
			runOnlyForDeploymentPostprocessing = 0;
		};
/* End PBXResourcesBuildPhase section */

/* Begin PBXShellScriptBuildPhase section */
		123966E6EB4E7CD82FCAFF06 /* Check Pods Manifest.lock */ = {
			isa = PBXShellScriptBuildPhase;
			buildActionMask = 2147483647;
			files = (
			);
			inputPaths = (
			);
			name = "Check Pods Manifest.lock";
			outputPaths = (
			);
			runOnlyForDeploymentPostprocessing = 0;
			shellPath = /bin/sh;
			shellScript = "diff \"${PODS_ROOT}/../Podfile.lock\" \"${PODS_ROOT}/Manifest.lock\" > /dev/null\nif [[ $? != 0 ]] ; then\n    cat << EOM\nerror: The sandbox is not in sync with the Podfile.lock. Run 'pod install' or update your CocoaPods installation.\nEOM\n    exit 1\nfi\n";
			showEnvVarsInLog = 0;
		};
		872D1AE95E1A69FA83BBA8FF /* Copy Pods Resources */ = {
			isa = PBXShellScriptBuildPhase;
			buildActionMask = 2147483647;
			files = (
			);
			inputPaths = (
			);
			name = "Copy Pods Resources";
			outputPaths = (
			);
			runOnlyForDeploymentPostprocessing = 0;
			shellPath = /bin/sh;
			shellScript = "\"${SRCROOT}/Pods/Target Support Files/Pods/Pods-resources.sh\"\n";
			showEnvVarsInLog = 0;
		};
/* End PBXShellScriptBuildPhase section */

/* Begin PBXSourcesBuildPhase section */
		2FE857EF1C9657A6007E9B04 /* Sources */ = {
			isa = PBXSourcesBuildPhase;
			buildActionMask = 2147483647;
			files = (
				0AE682A51CD201FD00C2B3DA /* SXTabBarController.m in Sources */,
				D3FE79D11CC0C6E2004A3663 /* UIView+Addition.m in Sources */,
				D3F6023A1CC9F27700580CBC /* SettingManager.m in Sources */,
				D3F6C12C1CC6112900C36C0E /* InfoHeaderCell.m in Sources */,
				D3F14E141CC8AE90001D39C8 /* SetRoadCell.m in Sources */,
				D3F14E111CC8A99E001D39C8 /* SetRoadViewController.m in Sources */,
				0AE682CB1CD211FF00C2B3DA /* CYLTabBar.m in Sources */,
				D38509F51CCDED9F0046326B /* MF_NetAPIClient.m in Sources */,
				0AE682CA1CD211FF00C2B3DA /* CYLTabBarController.m in Sources */,
				D3F6023D1CC9FB5500580CBC /* MoreNewRoadViewController.m in Sources */,
				D35333231CBE5A7A001E326D /* NewRoadCell.m in Sources */,
				D3F602401CC9FB6400580CBC /* TopicRoadViewController.m in Sources */,
				D3F14E171CC8BB4F001D39C8 /* CommitOrderViewController.m in Sources */,
				D3F6C1321CC7271E00C36C0E /* SXInteractiveTransition.m in Sources */,
				D3F6C12F1CC6127100C36C0E /* UIView+extension.m in Sources */,
				D353332C1CBF46C4001E326D /* NewRoadModel.m in Sources */,
				2FE857FE1C9657A6007E9B04 /* ViewController.m in Sources */,
				D30B4E0B1CC77D62008D97C1 /* RoadModel.m in Sources */,
				D35332FB1CBDF0AA001E326D /* AdDataModel.m in Sources */,
				2FE857FB1C9657A6007E9B04 /* AppDelegate.m in Sources */,
				D35333071CBE268F001E326D /* SXScrollModel.m in Sources */,
				D353331D1CBE3897001E326D /* NSTimer+Addition.m in Sources */,
				D3F4CE001CCF5C580071C586 /* SXTextField.m in Sources */,
				D3850A1B1CCE0B250046326B /* LoginViewController.m in Sources */,
				2FE857F81C9657A6007E9B04 /* main.m in Sources */,
				D35333041CBE14C2001E326D /* SXScrollView.m in Sources */,
				D35333201CBE4514001E326D /* SXPageControl.m in Sources */,
				D3F602351CC9C80700580CBC /* hotelModel.m in Sources */,
				D3FF9DDE1CB4E5A5005C6A45 /* SXViewControllerInteceptor.m in Sources */,
				0AE682CC1CD211FF00C2B3DA /* CYLPlusButton.m in Sources */,
				D35333261CBE5A8B001E326D /* TopicRoadCell.m in Sources */,
				D35332F31CBDEF93001E326D /* SXScrollCell.m in Sources */,
				0AE682CD1CD211FF00C2B3DA /* UIViewController+CYLJumpToOtherTabBarControllerItem.m in Sources */,
				D3FE79CE1CC0C413004A3663 /* RoadViewController.m in Sources */,
				D38509F61CCDED9F0046326B /* MF_NetAPIManager.m in Sources */,
				D35333291CBF4137001E326D /* SXIndexHeaderView.m in Sources */,
				D331479A1CC766DA00906A60 /* RoadCell.m in Sources */,
				D30B4E081CC779D5008D97C1 /* RoadFooterView.m in Sources */,
				D38509FB1CCDEE100046326B /* NSObject+common.m in Sources */,
				D33147971CC7669600906A60 /* PersonCell.m in Sources */,
				2FE858331C965954007E9B04 /* IndexViewController.m in Sources */,
				2FE858431C965D28007E9B04 /* InformationViewController.m in Sources */,
				2FE858401C965D18007E9B04 /* DynamicViewController.m in Sources */,
				0AE682A81CD2079B00C2B3DA /* SXPlusButtonSubclass.m in Sources */,
				D3F4CDF41CCF47A70071C586 /* LoginView.m in Sources */,
				D35332FD1CBDF0AA001E326D /* AdScrollView.m in Sources */,
				2FE858461C965DB1007E9B04 /* MineViewController.m in Sources */,
				D3F602171CC9C19F00580CBC /* HotelCell.m in Sources */,
				D3F14E201CC8BD88001D39C8 /* SelectHotelViewController.m in Sources */,
				D3F14E401CC8DE07001D39C8 /* ZHPickView.m in Sources */,
			);
			runOnlyForDeploymentPostprocessing = 0;
		};
		2FE858081C9657A6007E9B04 /* Sources */ = {
			isa = PBXSourcesBuildPhase;
			buildActionMask = 2147483647;
			files = (
				2FE858111C9657A6007E9B04 /* SuiXingTests.m in Sources */,
			);
			runOnlyForDeploymentPostprocessing = 0;
		};
		2FE858131C9657A6007E9B04 /* Sources */ = {
			isa = PBXSourcesBuildPhase;
			buildActionMask = 2147483647;
			files = (
				2FE8581C1C9657A6007E9B04 /* SuiXingUITests.m in Sources */,
			);
			runOnlyForDeploymentPostprocessing = 0;
		};
/* End PBXSourcesBuildPhase section */

/* Begin PBXTargetDependency section */
		2FE8580E1C9657A6007E9B04 /* PBXTargetDependency */ = {
			isa = PBXTargetDependency;
			target = 2FE857F21C9657A6007E9B04 /* SuiXing */;
			targetProxy = 2FE8580D1C9657A6007E9B04 /* PBXContainerItemProxy */;
		};
		2FE858191C9657A6007E9B04 /* PBXTargetDependency */ = {
			isa = PBXTargetDependency;
			target = 2FE857F21C9657A6007E9B04 /* SuiXing */;
			targetProxy = 2FE858181C9657A6007E9B04 /* PBXContainerItemProxy */;
		};
/* End PBXTargetDependency section */

/* Begin PBXVariantGroup section */
		2FE857FF1C9657A6007E9B04 /* Main.storyboard */ = {
			isa = PBXVariantGroup;
			children = (
				2FE858001C9657A6007E9B04 /* Base */,
			);
			name = Main.storyboard;
			sourceTree = "<group>";
		};
		2FE858041C9657A6007E9B04 /* LaunchScreen.storyboard */ = {
			isa = PBXVariantGroup;
			children = (
				2FE858051C9657A6007E9B04 /* Base */,
			);
			name = LaunchScreen.storyboard;
			sourceTree = "<group>";
		};
/* End PBXVariantGroup section */

/* Begin XCBuildConfiguration section */
		2FE8581E1C9657A6007E9B04 /* Debug */ = {
			isa = XCBuildConfiguration;
			buildSettings = {
				ALWAYS_SEARCH_USER_PATHS = NO;
				CLANG_CXX_LANGUAGE_STANDARD = "gnu++0x";
				CLANG_CXX_LIBRARY = "libc++";
				CLANG_ENABLE_MODULES = YES;
				CLANG_ENABLE_OBJC_ARC = YES;
				CLANG_WARN_BOOL_CONVERSION = YES;
				CLANG_WARN_CONSTANT_CONVERSION = YES;
				CLANG_WARN_DIRECT_OBJC_ISA_USAGE = YES_ERROR;
				CLANG_WARN_EMPTY_BODY = YES;
				CLANG_WARN_ENUM_CONVERSION = YES;
				CLANG_WARN_INT_CONVERSION = YES;
				CLANG_WARN_OBJC_ROOT_CLASS = YES_ERROR;
				CLANG_WARN_UNREACHABLE_CODE = YES;
				CLANG_WARN__DUPLICATE_METHOD_MATCH = YES;
				"CODE_SIGN_IDENTITY[sdk=iphoneos*]" = "iPhone Developer";
				COPY_PHASE_STRIP = NO;
				DEBUG_INFORMATION_FORMAT = dwarf;
				ENABLE_STRICT_OBJC_MSGSEND = YES;
				ENABLE_TESTABILITY = YES;
				GCC_C_LANGUAGE_STANDARD = gnu99;
				GCC_DYNAMIC_NO_PIC = NO;
				GCC_NO_COMMON_BLOCKS = YES;
				GCC_OPTIMIZATION_LEVEL = 0;
				GCC_PREPROCESSOR_DEFINITIONS = (
					"DEBUG=1",
					"$(inherited)",
				);
				GCC_WARN_64_TO_32_BIT_CONVERSION = YES;
				GCC_WARN_ABOUT_RETURN_TYPE = YES_ERROR;
				GCC_WARN_UNDECLARED_SELECTOR = YES;
				GCC_WARN_UNINITIALIZED_AUTOS = YES_AGGRESSIVE;
				GCC_WARN_UNUSED_FUNCTION = YES;
				GCC_WARN_UNUSED_VARIABLE = YES;
				IPHONEOS_DEPLOYMENT_TARGET = 9.2;
				MTL_ENABLE_DEBUG_INFO = YES;
				ONLY_ACTIVE_ARCH = YES;
				SDKROOT = iphoneos;
				TARGETED_DEVICE_FAMILY = "1,2";
			};
			name = Debug;
		};
		2FE8581F1C9657A6007E9B04 /* Release */ = {
			isa = XCBuildConfiguration;
			buildSettings = {
				ALWAYS_SEARCH_USER_PATHS = NO;
				CLANG_CXX_LANGUAGE_STANDARD = "gnu++0x";
				CLANG_CXX_LIBRARY = "libc++";
				CLANG_ENABLE_MODULES = YES;
				CLANG_ENABLE_OBJC_ARC = YES;
				CLANG_WARN_BOOL_CONVERSION = YES;
				CLANG_WARN_CONSTANT_CONVERSION = YES;
				CLANG_WARN_DIRECT_OBJC_ISA_USAGE = YES_ERROR;
				CLANG_WARN_EMPTY_BODY = YES;
				CLANG_WARN_ENUM_CONVERSION = YES;
				CLANG_WARN_INT_CONVERSION = YES;
				CLANG_WARN_OBJC_ROOT_CLASS = YES_ERROR;
				CLANG_WARN_UNREACHABLE_CODE = YES;
				CLANG_WARN__DUPLICATE_METHOD_MATCH = YES;
				"CODE_SIGN_IDENTITY[sdk=iphoneos*]" = "iPhone Developer";
				COPY_PHASE_STRIP = NO;
				DEBUG_INFORMATION_FORMAT = "dwarf-with-dsym";
				ENABLE_NS_ASSERTIONS = NO;
				ENABLE_STRICT_OBJC_MSGSEND = YES;
				GCC_C_LANGUAGE_STANDARD = gnu99;
				GCC_NO_COMMON_BLOCKS = YES;
				GCC_WARN_64_TO_32_BIT_CONVERSION = YES;
				GCC_WARN_ABOUT_RETURN_TYPE = YES_ERROR;
				GCC_WARN_UNDECLARED_SELECTOR = YES;
				GCC_WARN_UNINITIALIZED_AUTOS = YES_AGGRESSIVE;
				GCC_WARN_UNUSED_FUNCTION = YES;
				GCC_WARN_UNUSED_VARIABLE = YES;
				IPHONEOS_DEPLOYMENT_TARGET = 9.2;
				MTL_ENABLE_DEBUG_INFO = NO;
				SDKROOT = iphoneos;
				TARGETED_DEVICE_FAMILY = "1,2";
				VALIDATE_PRODUCT = YES;
			};
			name = Release;
		};
		2FE858211C9657A6007E9B04 /* Debug */ = {
			isa = XCBuildConfiguration;
			baseConfigurationReference = 454569A56B85BBC909430E76 /* Pods.debug.xcconfig */;
			buildSettings = {
				ASSETCATALOG_COMPILER_APPICON_NAME = AppIcon;
				ASSETCATALOG_COMPILER_LAUNCHIMAGE_NAME = LaunchImage;
				CODE_SIGN_IDENTITY = "iPhone Developer";
				"CODE_SIGN_IDENTITY[sdk=iphoneos*]" = "iPhone Developer";
				FRAMEWORK_SEARCH_PATHS = (
					"$(inherited)",
					"$(PROJECT_DIR)/SuiXing",
				);
				GCC_PREFIX_HEADER = SuiXing/SuiXing.pch;
				INFOPLIST_FILE = SuiXing/Info.plist;
				IPHONEOS_DEPLOYMENT_TARGET = 7.0;
				LD_RUNPATH_SEARCH_PATHS = "$(inherited) @executable_path/Frameworks";
				PRODUCT_BUNDLE_IDENTIFIER = licaifan.SuiXing;
				PRODUCT_NAME = "$(TARGET_NAME)";
				PROVISIONING_PROFILE = "";
			};
			name = Debug;
		};
		2FE858221C9657A6007E9B04 /* Release */ = {
			isa = XCBuildConfiguration;
			baseConfigurationReference = 628B4458F8B8C21880C87F1E /* Pods.release.xcconfig */;
			buildSettings = {
				ASSETCATALOG_COMPILER_APPICON_NAME = AppIcon;
				ASSETCATALOG_COMPILER_LAUNCHIMAGE_NAME = LaunchImage;
				CODE_SIGN_IDENTITY = "iPhone Developer";
				"CODE_SIGN_IDENTITY[sdk=iphoneos*]" = "iPhone Developer";
				FRAMEWORK_SEARCH_PATHS = (
					"$(inherited)",
					"$(PROJECT_DIR)/SuiXing",
				);
				GCC_PREFIX_HEADER = SuiXing/SuiXing.pch;
				INFOPLIST_FILE = SuiXing/Info.plist;
				IPHONEOS_DEPLOYMENT_TARGET = 7.0;
				LD_RUNPATH_SEARCH_PATHS = "$(inherited) @executable_path/Frameworks";
				PRODUCT_BUNDLE_IDENTIFIER = licaifan.SuiXing;
				PRODUCT_NAME = "$(TARGET_NAME)";
				PROVISIONING_PROFILE = "";
			};
			name = Release;
		};
		2FE858241C9657A6007E9B04 /* Debug */ = {
			isa = XCBuildConfiguration;
			buildSettings = {
				BUNDLE_LOADER = "$(TEST_HOST)";
				INFOPLIST_FILE = SuiXingTests/Info.plist;
				LD_RUNPATH_SEARCH_PATHS = "$(inherited) @executable_path/Frameworks @loader_path/Frameworks";
				PRODUCT_BUNDLE_IDENTIFIER = licaifan.SuiXingTests;
				PRODUCT_NAME = "$(TARGET_NAME)";
				TEST_HOST = "$(BUILT_PRODUCTS_DIR)/SuiXing.app/SuiXing";
			};
			name = Debug;
		};
		2FE858251C9657A6007E9B04 /* Release */ = {
			isa = XCBuildConfiguration;
			buildSettings = {
				BUNDLE_LOADER = "$(TEST_HOST)";
				INFOPLIST_FILE = SuiXingTests/Info.plist;
				LD_RUNPATH_SEARCH_PATHS = "$(inherited) @executable_path/Frameworks @loader_path/Frameworks";
				PRODUCT_BUNDLE_IDENTIFIER = licaifan.SuiXingTests;
				PRODUCT_NAME = "$(TARGET_NAME)";
				TEST_HOST = "$(BUILT_PRODUCTS_DIR)/SuiXing.app/SuiXing";
			};
			name = Release;
		};
		2FE858271C9657A6007E9B04 /* Debug */ = {
			isa = XCBuildConfiguration;
			buildSettings = {
				INFOPLIST_FILE = SuiXingUITests/Info.plist;
				LD_RUNPATH_SEARCH_PATHS = "$(inherited) @executable_path/Frameworks @loader_path/Frameworks";
				PRODUCT_BUNDLE_IDENTIFIER = licaifan.SuiXingUITests;
				PRODUCT_NAME = "$(TARGET_NAME)";
				TEST_TARGET_NAME = SuiXing;
				USES_XCTRUNNER = YES;
			};
			name = Debug;
		};
		2FE858281C9657A6007E9B04 /* Release */ = {
			isa = XCBuildConfiguration;
			buildSettings = {
				INFOPLIST_FILE = SuiXingUITests/Info.plist;
				LD_RUNPATH_SEARCH_PATHS = "$(inherited) @executable_path/Frameworks @loader_path/Frameworks";
				PRODUCT_BUNDLE_IDENTIFIER = licaifan.SuiXingUITests;
				PRODUCT_NAME = "$(TARGET_NAME)";
				TEST_TARGET_NAME = SuiXing;
				USES_XCTRUNNER = YES;
			};
			name = Release;
		};
/* End XCBuildConfiguration section */

/* Begin XCConfigurationList section */
		2FE857EE1C9657A6007E9B04 /* Build configuration list for PBXProject "SuiXing" */ = {
			isa = XCConfigurationList;
			buildConfigurations = (
				2FE8581E1C9657A6007E9B04 /* Debug */,
				2FE8581F1C9657A6007E9B04 /* Release */,
			);
			defaultConfigurationIsVisible = 0;
			defaultConfigurationName = Release;
		};
		2FE858201C9657A6007E9B04 /* Build configuration list for PBXNativeTarget "SuiXing" */ = {
			isa = XCConfigurationList;
			buildConfigurations = (
				2FE858211C9657A6007E9B04 /* Debug */,
				2FE858221C9657A6007E9B04 /* Release */,
			);
			defaultConfigurationIsVisible = 0;
			defaultConfigurationName = Release;
		};
		2FE858231C9657A6007E9B04 /* Build configuration list for PBXNativeTarget "SuiXingTests" */ = {
			isa = XCConfigurationList;
			buildConfigurations = (
				2FE858241C9657A6007E9B04 /* Debug */,
				2FE858251C9657A6007E9B04 /* Release */,
			);
			defaultConfigurationIsVisible = 0;
			defaultConfigurationName = Release;
		};
		2FE858261C9657A6007E9B04 /* Build configuration list for PBXNativeTarget "SuiXingUITests" */ = {
			isa = XCConfigurationList;
			buildConfigurations = (
				2FE858271C9657A6007E9B04 /* Debug */,
				2FE858281C9657A6007E9B04 /* Release */,
			);
			defaultConfigurationIsVisible = 0;
			defaultConfigurationName = Release;
		};
/* End XCConfigurationList section */
	};
	rootObject = 2FE857EB1C9657A6007E9B04 /* Project object */;
}
